// !$*UTF8*$!
{
	archiveVersion = 1;
	classes = {
	};
	objectVersion = 55;
	objects = {

/* Begin PBXBuildFile section */
		5F00C9BD27B2474200206750 /* BaseModule.docc in Sources */ = {isa = PBXBuildFile; fileRef = 5F00C9BC27B2474200206750 /* BaseModule.docc */; };
		5F00C9C327B2474200206750 /* CommonModule.framework in Frameworks */ = {isa = PBXBuildFile; fileRef = 5F00C9B827B2474200206750 /* CommonModule.framework */; };
		5F00C9C827B2474200206750 /* CommonModuleTests.swift in Sources */ = {isa = PBXBuildFile; fileRef = 5F00C9C727B2474200206750 /* CommonModuleTests.swift */; };
		5F00C9C927B2474200206750 /* BaseModule.h in Headers */ = {isa = PBXBuildFile; fileRef = 5F00C9BB27B2474200206750 /* BaseModule.h */; settings = {ATTRIBUTES = (Public, ); }; };
		5F00CA4C27B24B0400206750 /* SendBirdSDK in Frameworks */ = {isa = PBXBuildFile; productRef = 5F00CA4B27B24B0400206750 /* SendBirdSDK */; };
		5F00CA6027B2629400206750 /* LoginViewController.xib in Resources */ = {isa = PBXBuildFile; fileRef = 5F00CA5F27B2629400206750 /* LoginViewController.xib */; };
		5F00CA6227B262AC00206750 /* LoginViewController.swift in Sources */ = {isa = PBXBuildFile; fileRef = 5F00CA6127B262AC00206750 /* LoginViewController.swift */; };
		5F00CA6527B2639B00206750 /* UIViewController+Extension.swift in Sources */ = {isa = PBXBuildFile; fileRef = 5F00CA6427B2639B00206750 /* UIViewController+Extension.swift */; };
		5F00CA6727B265CB00206750 /* Assets.xcassets in Resources */ = {isa = PBXBuildFile; fileRef = 5F00CA6627B265CB00206750 /* Assets.xcassets */; };
		5F6F62A627B6A4F300FD6121 /* GroupChannelInviteMemberUseCase.swift in Sources */ = {isa = PBXBuildFile; fileRef = 5F6F62A527B6A4F300FD6121 /* GroupChannelInviteMemberUseCase.swift */; };
		5F6F62A827B90AA000FD6121 /* VersionInfo.swift in Sources */ = {isa = PBXBuildFile; fileRef = 5F6F62A727B90AA000FD6121 /* VersionInfo.swift */; };
		5F6F62AA27B90FB600FD6121 /* BaseAppearance.swift in Sources */ = {isa = PBXBuildFile; fileRef = 5F6F62A927B90FB600FD6121 /* BaseAppearance.swift */; };
		5F6F62D327B9EA7C00FD6121 /* CreateOpenChannelUseCase.swift in Sources */ = {isa = PBXBuildFile; fileRef = 5F6F62D227B9EA7C00FD6121 /* CreateOpenChannelUseCase.swift */; };
		5FD8CE9E27B35A72006F539B /* GroupChannelListUseCase.swift in Sources */ = {isa = PBXBuildFile; fileRef = 5FD8CE9D27B35A72006F539B /* GroupChannelListUseCase.swift */; };
		5FD8CEA827B36332006F539B /* ProfileImageView.swift in Sources */ = {isa = PBXBuildFile; fileRef = 5FD8CEA727B36332006F539B /* ProfileImageView.swift */; };
		5FD8CEAB27B36519006F539B /* Kingfisher in Frameworks */ = {isa = PBXBuildFile; productRef = 5FD8CEAA27B36519006F539B /* Kingfisher */; };
		5FD8CEB527B37406006F539B /* MessageInputView.swift in Sources */ = {isa = PBXBuildFile; fileRef = 5FD8CEB427B37406006F539B /* MessageInputView.swift */; };
		5FD8CEB727B3740D006F539B /* MessageInputView.xib in Resources */ = {isa = PBXBuildFile; fileRef = 5FD8CEB627B3740D006F539B /* MessageInputView.xib */; };
		5FD8CEB927B375F9006F539B /* NibLoadable.swift in Sources */ = {isa = PBXBuildFile; fileRef = 5FD8CEB827B375F9006F539B /* NibLoadable.swift */; };
		5FD8CEC627B4A429006F539B /* SelectableUserTableViewCell.swift in Sources */ = {isa = PBXBuildFile; fileRef = 5FD8CEC227B4A3F9006F539B /* SelectableUserTableViewCell.swift */; };
		5FD8CEC727B4A42C006F539B /* SelectedUserCollectionViewCell.xib in Resources */ = {isa = PBXBuildFile; fileRef = 5FD8CEC427B4A3F9006F539B /* SelectedUserCollectionViewCell.xib */; };
		5FD8CEC827B4A42C006F539B /* SelectableUserTableViewCell.xib in Resources */ = {isa = PBXBuildFile; fileRef = 5FD8CEC327B4A3F9006F539B /* SelectableUserTableViewCell.xib */; };
		5FD8CEC927B4A42C006F539B /* SelectedUserCollectionViewCell.swift in Sources */ = {isa = PBXBuildFile; fileRef = 5FD8CEC527B4A3F9006F539B /* SelectedUserCollectionViewCell.swift */; };
		5FD8CECB27B4A643006F539B /* UserSelectionUseCase.swift in Sources */ = {isa = PBXBuildFile; fileRef = 5FD8CECA27B4A643006F539B /* UserSelectionUseCase.swift */; };
		5FD8CED127B4DED5006F539B /* UIImage+Extension.swift in Sources */ = {isa = PBXBuildFile; fileRef = 5FD8CED027B4DED5006F539B /* UIImage+Extension.swift */; };
		5FD8CED627B4E762006F539B /* CreateGroupChannelUseCase.swift in Sources */ = {isa = PBXBuildFile; fileRef = 5FD8CED527B4E762006F539B /* CreateGroupChannelUseCase.swift */; };
		5FD8CEDB27B50792006F539B /* GroupChannelMessageListUseCase.swift in Sources */ = {isa = PBXBuildFile; fileRef = 5FD8CEDA27B50792006F539B /* GroupChannelMessageListUseCase.swift */; };
		5FDE175327B9EC770009CB39 /* UserSelectionViewController.swift in Sources */ = {isa = PBXBuildFile; fileRef = 5FDE175127B9EC770009CB39 /* UserSelectionViewController.swift */; };
		5FDE175427B9EC770009CB39 /* UserSelectionViewController.xib in Resources */ = {isa = PBXBuildFile; fileRef = 5FDE175227B9EC770009CB39 /* UserSelectionViewController.xib */; };
		5FDE175827B9ED640009CB39 /* OpenChannelListUseCase.swift in Sources */ = {isa = PBXBuildFile; fileRef = 5FDE175727B9ED640009CB39 /* OpenChannelListUseCase.swift */; };
		5FDE175D27B9F7A70009CB39 /* OpenChannelFileMessageUseCase.swift in Sources */ = {isa = PBXBuildFile; fileRef = 5FDE175C27B9F42D0009CB39 /* OpenChannelFileMessageUseCase.swift */; };
		5FDE175F27B9F7A70009CB39 /* OpenChannelUserMessageUseCase.swift in Sources */ = {isa = PBXBuildFile; fileRef = 5FDE175B27B9F42D0009CB39 /* OpenChannelUserMessageUseCase.swift */; };
		5FDE176027B9F7A70009CB39 /* OpenChannelMessageListUseCase.swift in Sources */ = {isa = PBXBuildFile; fileRef = 5FDE175927B9F42D0009CB39 /* OpenChannelMessageListUseCase.swift */; };
		5FDE176227B9FFE40009CB39 /* OpenChannelOperatorListUseCase.swift in Sources */ = {isa = PBXBuildFile; fileRef = 5FDE176127B9FFE40009CB39 /* OpenChannelOperatorListUseCase.swift */; };
		5FDE176427BA48060009CB39 /* ProfileEditView.swift in Sources */ = {isa = PBXBuildFile; fileRef = 5FDE176327BA48060009CB39 /* ProfileEditView.swift */; };
		5FDE176627BA48280009CB39 /* ProfileEditView.xib in Resources */ = {isa = PBXBuildFile; fileRef = 5FDE176527BA48280009CB39 /* ProfileEditView.xib */; };
		5FDE177227BA4C940009CB39 /* ProfileEditViewController.swift in Sources */ = {isa = PBXBuildFile; fileRef = 5FDE177127BA4C940009CB39 /* ProfileEditViewController.swift */; };
		5FDE177427BA4CAD0009CB39 /* ProfileEditViewController.xib in Resources */ = {isa = PBXBuildFile; fileRef = 5FDE177327BA4CAD0009CB39 /* ProfileEditViewController.xib */; };
		5FDF2B5027B26C4D00C3A8A2 /* UserConnectionUseCase.swift in Sources */ = {isa = PBXBuildFile; fileRef = 5FDF2B4F27B26C4D00C3A8A2 /* UserConnectionUseCase.swift */; };
		5FDF2B5227B2A45E00C3A8A2 /* UserDefault.swift in Sources */ = {isa = PBXBuildFile; fileRef = 5FDF2B5127B2A45E00C3A8A2 /* UserDefault.swift */; };
		5FEEB64F27B65A3700677373 /* EnvironmentUseCase.swift in Sources */ = {isa = PBXBuildFile; fileRef = 5FEEB64E27B65A3700677373 /* EnvironmentUseCase.swift */; };
		5FF9F9D427B559340080565A /* GroupChannelUserMessageUseCase.swift in Sources */ = {isa = PBXBuildFile; fileRef = 5FF9F9D327B559340080565A /* GroupChannelUserMessageUseCase.swift */; };
		5FF9F9E727B62ED50080565A /* GroupChannelFileMessageUseCase.swift in Sources */ = {isa = PBXBuildFile; fileRef = 5FF9F9E627B62ED50080565A /* GroupChannelFileMessageUseCase.swift */; };
/* End PBXBuildFile section */

/* Begin PBXContainerItemProxy section */
		5F00C9C427B2474200206750 /* PBXContainerItemProxy */ = {
			isa = PBXContainerItemProxy;
			containerPortal = 5F00C9AF27B2474200206750 /* Project object */;
			proxyType = 1;
			remoteGlobalIDString = 5F00C9B727B2474200206750;
			remoteInfo = BaseModule;
		};
/* End PBXContainerItemProxy section */

/* Begin PBXFileReference section */
		5F00C9B827B2474200206750 /* CommonModule.framework */ = {isa = PBXFileReference; explicitFileType = wrapper.framework; includeInIndex = 0; path = CommonModule.framework; sourceTree = BUILT_PRODUCTS_DIR; };
		5F00C9BB27B2474200206750 /* BaseModule.h */ = {isa = PBXFileReference; lastKnownFileType = sourcecode.c.h; path = BaseModule.h; sourceTree = "<group>"; };
		5F00C9BC27B2474200206750 /* BaseModule.docc */ = {isa = PBXFileReference; lastKnownFileType = folder.documentationcatalog; path = BaseModule.docc; sourceTree = "<group>"; };
		5F00C9C227B2474200206750 /* CommonModuleTests.xctest */ = {isa = PBXFileReference; explicitFileType = wrapper.cfbundle; includeInIndex = 0; path = CommonModuleTests.xctest; sourceTree = BUILT_PRODUCTS_DIR; };
		5F00C9C727B2474200206750 /* CommonModuleTests.swift */ = {isa = PBXFileReference; lastKnownFileType = sourcecode.swift; path = CommonModuleTests.swift; sourceTree = "<group>"; };
		5F00CA5F27B2629400206750 /* LoginViewController.xib */ = {isa = PBXFileReference; lastKnownFileType = file.xib; path = LoginViewController.xib; sourceTree = "<group>"; };
		5F00CA6127B262AC00206750 /* LoginViewController.swift */ = {isa = PBXFileReference; lastKnownFileType = sourcecode.swift; path = LoginViewController.swift; sourceTree = "<group>"; };
		5F00CA6427B2639B00206750 /* UIViewController+Extension.swift */ = {isa = PBXFileReference; lastKnownFileType = sourcecode.swift; path = "UIViewController+Extension.swift"; sourceTree = "<group>"; };
		5F00CA6627B265CB00206750 /* Assets.xcassets */ = {isa = PBXFileReference; lastKnownFileType = folder.assetcatalog; path = Assets.xcassets; sourceTree = "<group>"; };
		5F6F62A527B6A4F300FD6121 /* GroupChannelInviteMemberUseCase.swift */ = {isa = PBXFileReference; lastKnownFileType = sourcecode.swift; path = GroupChannelInviteMemberUseCase.swift; sourceTree = "<group>"; };
		5F6F62A727B90AA000FD6121 /* VersionInfo.swift */ = {isa = PBXFileReference; lastKnownFileType = sourcecode.swift; path = VersionInfo.swift; sourceTree = "<group>"; };
		5F6F62A927B90FB600FD6121 /* BaseAppearance.swift */ = {isa = PBXFileReference; lastKnownFileType = sourcecode.swift; path = BaseAppearance.swift; sourceTree = "<group>"; };
		5F6F62D227B9EA7C00FD6121 /* CreateOpenChannelUseCase.swift */ = {isa = PBXFileReference; lastKnownFileType = sourcecode.swift; path = CreateOpenChannelUseCase.swift; sourceTree = "<group>"; };
		5FD8CE9D27B35A72006F539B /* GroupChannelListUseCase.swift */ = {isa = PBXFileReference; lastKnownFileType = sourcecode.swift; path = GroupChannelListUseCase.swift; sourceTree = "<group>"; };
		5FD8CEA727B36332006F539B /* ProfileImageView.swift */ = {isa = PBXFileReference; lastKnownFileType = sourcecode.swift; path = ProfileImageView.swift; sourceTree = "<group>"; };
		5FD8CEB427B37406006F539B /* MessageInputView.swift */ = {isa = PBXFileReference; lastKnownFileType = sourcecode.swift; path = MessageInputView.swift; sourceTree = "<group>"; };
		5FD8CEB627B3740D006F539B /* MessageInputView.xib */ = {isa = PBXFileReference; lastKnownFileType = file.xib; path = MessageInputView.xib; sourceTree = "<group>"; };
		5FD8CEB827B375F9006F539B /* NibLoadable.swift */ = {isa = PBXFileReference; lastKnownFileType = sourcecode.swift; path = NibLoadable.swift; sourceTree = "<group>"; };
		5FD8CEC227B4A3F9006F539B /* SelectableUserTableViewCell.swift */ = {isa = PBXFileReference; lastKnownFileType = sourcecode.swift; path = SelectableUserTableViewCell.swift; sourceTree = "<group>"; };
		5FD8CEC327B4A3F9006F539B /* SelectableUserTableViewCell.xib */ = {isa = PBXFileReference; lastKnownFileType = file.xib; path = SelectableUserTableViewCell.xib; sourceTree = "<group>"; };
		5FD8CEC427B4A3F9006F539B /* SelectedUserCollectionViewCell.xib */ = {isa = PBXFileReference; lastKnownFileType = file.xib; path = SelectedUserCollectionViewCell.xib; sourceTree = "<group>"; };
		5FD8CEC527B4A3F9006F539B /* SelectedUserCollectionViewCell.swift */ = {isa = PBXFileReference; lastKnownFileType = sourcecode.swift; path = SelectedUserCollectionViewCell.swift; sourceTree = "<group>"; };
		5FD8CECA27B4A643006F539B /* UserSelectionUseCase.swift */ = {isa = PBXFileReference; lastKnownFileType = sourcecode.swift; path = UserSelectionUseCase.swift; sourceTree = "<group>"; };
		5FD8CED027B4DED5006F539B /* UIImage+Extension.swift */ = {isa = PBXFileReference; lastKnownFileType = sourcecode.swift; path = "UIImage+Extension.swift"; sourceTree = "<group>"; };
		5FD8CED527B4E762006F539B /* CreateGroupChannelUseCase.swift */ = {isa = PBXFileReference; lastKnownFileType = sourcecode.swift; path = CreateGroupChannelUseCase.swift; sourceTree = "<group>"; };
		5FD8CEDA27B50792006F539B /* GroupChannelMessageListUseCase.swift */ = {isa = PBXFileReference; lastKnownFileType = sourcecode.swift; path = GroupChannelMessageListUseCase.swift; sourceTree = "<group>"; };
		5FDE175127B9EC770009CB39 /* UserSelectionViewController.swift */ = {isa = PBXFileReference; fileEncoding = 4; lastKnownFileType = sourcecode.swift; path = UserSelectionViewController.swift; sourceTree = "<group>"; };
		5FDE175227B9EC770009CB39 /* UserSelectionViewController.xib */ = {isa = PBXFileReference; fileEncoding = 4; lastKnownFileType = file.xib; path = UserSelectionViewController.xib; sourceTree = "<group>"; };
		5FDE175727B9ED640009CB39 /* OpenChannelListUseCase.swift */ = {isa = PBXFileReference; lastKnownFileType = sourcecode.swift; path = OpenChannelListUseCase.swift; sourceTree = "<group>"; };
		5FDE175927B9F42D0009CB39 /* OpenChannelMessageListUseCase.swift */ = {isa = PBXFileReference; lastKnownFileType = sourcecode.swift; path = OpenChannelMessageListUseCase.swift; sourceTree = "<group>"; };
		5FDE175B27B9F42D0009CB39 /* OpenChannelUserMessageUseCase.swift */ = {isa = PBXFileReference; lastKnownFileType = sourcecode.swift; path = OpenChannelUserMessageUseCase.swift; sourceTree = "<group>"; };
		5FDE175C27B9F42D0009CB39 /* OpenChannelFileMessageUseCase.swift */ = {isa = PBXFileReference; lastKnownFileType = sourcecode.swift; path = OpenChannelFileMessageUseCase.swift; sourceTree = "<group>"; };
		5FDE176127B9FFE40009CB39 /* OpenChannelOperatorListUseCase.swift */ = {isa = PBXFileReference; lastKnownFileType = sourcecode.swift; path = OpenChannelOperatorListUseCase.swift; sourceTree = "<group>"; };
		5FDE176327BA48060009CB39 /* ProfileEditView.swift */ = {isa = PBXFileReference; lastKnownFileType = sourcecode.swift; path = ProfileEditView.swift; sourceTree = "<group>"; };
		5FDE176527BA48280009CB39 /* ProfileEditView.xib */ = {isa = PBXFileReference; lastKnownFileType = file.xib; path = ProfileEditView.xib; sourceTree = "<group>"; };
		5FDE177127BA4C940009CB39 /* ProfileEditViewController.swift */ = {isa = PBXFileReference; lastKnownFileType = sourcecode.swift; path = ProfileEditViewController.swift; sourceTree = "<group>"; };
		5FDE177327BA4CAD0009CB39 /* ProfileEditViewController.xib */ = {isa = PBXFileReference; lastKnownFileType = file.xib; path = ProfileEditViewController.xib; sourceTree = "<group>"; };
		5FDF2B4F27B26C4D00C3A8A2 /* UserConnectionUseCase.swift */ = {isa = PBXFileReference; lastKnownFileType = sourcecode.swift; path = UserConnectionUseCase.swift; sourceTree = "<group>"; };
		5FDF2B5127B2A45E00C3A8A2 /* UserDefault.swift */ = {isa = PBXFileReference; lastKnownFileType = sourcecode.swift; path = UserDefault.swift; sourceTree = "<group>"; };
		5FEEB64E27B65A3700677373 /* EnvironmentUseCase.swift */ = {isa = PBXFileReference; lastKnownFileType = sourcecode.swift; path = EnvironmentUseCase.swift; sourceTree = "<group>"; };
		5FF9F9D327B559340080565A /* GroupChannelUserMessageUseCase.swift */ = {isa = PBXFileReference; lastKnownFileType = sourcecode.swift; path = GroupChannelUserMessageUseCase.swift; sourceTree = "<group>"; };
		5FF9F9E627B62ED50080565A /* GroupChannelFileMessageUseCase.swift */ = {isa = PBXFileReference; lastKnownFileType = sourcecode.swift; path = GroupChannelFileMessageUseCase.swift; sourceTree = "<group>"; };
/* End PBXFileReference section */

/* Begin PBXFrameworksBuildPhase section */
		5F00C9B527B2474200206750 /* Frameworks */ = {
			isa = PBXFrameworksBuildPhase;
			buildActionMask = 2147483647;
			files = (
				5FD8CEAB27B36519006F539B /* Kingfisher in Frameworks */,
				5F00CA4C27B24B0400206750 /* SendBirdSDK in Frameworks */,
			);
			runOnlyForDeploymentPostprocessing = 0;
		};
		5F00C9BF27B2474200206750 /* Frameworks */ = {
			isa = PBXFrameworksBuildPhase;
			buildActionMask = 2147483647;
			files = (
				5F00C9C327B2474200206750 /* CommonModule.framework in Frameworks */,
			);
			runOnlyForDeploymentPostprocessing = 0;
		};
/* End PBXFrameworksBuildPhase section */

/* Begin PBXGroup section */
		5F00C9AE27B2474200206750 = {
			isa = PBXGroup;
			children = (
				5F00C9BA27B2474200206750 /* CommonModule */,
				5F00C9C627B2474200206750 /* CommonModuleTests */,
				5F00C9B927B2474200206750 /* Products */,
			);
			sourceTree = "<group>";
		};
		5F00C9B927B2474200206750 /* Products */ = {
			isa = PBXGroup;
			children = (
				5F00C9B827B2474200206750 /* CommonModule.framework */,
				5F00C9C227B2474200206750 /* CommonModuleTests.xctest */,
			);
			name = Products;
			sourceTree = "<group>";
		};
		5F00C9BA27B2474200206750 /* CommonModule */ = {
			isa = PBXGroup;
			children = (
				5FD8CEC027B4A399006F539B /* View */,
				5FD8CEBF27B4A389006F539B /* UseCase */,
				5F00CA6327B2638E00206750 /* Util */,
				5F00C9BB27B2474200206750 /* BaseModule.h */,
				5F00C9BC27B2474200206750 /* BaseModule.docc */,
				5F00CA6627B265CB00206750 /* Assets.xcassets */,
			);
			path = CommonModule;
			sourceTree = "<group>";
		};
		5F00C9C627B2474200206750 /* CommonModuleTests */ = {
			isa = PBXGroup;
			children = (
				5F00C9C727B2474200206750 /* CommonModuleTests.swift */,
			);
			path = CommonModuleTests;
			sourceTree = "<group>";
		};
		5F00CA5927B260D300206750 /* User */ = {
			isa = PBXGroup;
			children = (
				5FD8CEA627B3632B006F539B /* Profile */,
				5F00CA5A27B260DC00206750 /* Login */,
			);
			path = User;
			sourceTree = "<group>";
		};
		5F00CA5A27B260DC00206750 /* Login */ = {
			isa = PBXGroup;
			children = (
				5F00CA5F27B2629400206750 /* LoginViewController.xib */,
				5F00CA6127B262AC00206750 /* LoginViewController.swift */,
				5F6F62A727B90AA000FD6121 /* VersionInfo.swift */,
			);
			path = Login;
			sourceTree = "<group>";
		};
		5F00CA6327B2638E00206750 /* Util */ = {
			isa = PBXGroup;
			children = (
				5F00CA6427B2639B00206750 /* UIViewController+Extension.swift */,
				5FDF2B5127B2A45E00C3A8A2 /* UserDefault.swift */,
				5FD8CEB827B375F9006F539B /* NibLoadable.swift */,
				5FD8CED027B4DED5006F539B /* UIImage+Extension.swift */,
				5F6F62A927B90FB600FD6121 /* BaseAppearance.swift */,
			);
			path = Util;
			sourceTree = "<group>";
		};
		5F6F62D127B9EA5500FD6121 /* OpenChannel */ = {
			isa = PBXGroup;
			children = (
				5FDE175927B9F42D0009CB39 /* OpenChannelMessageListUseCase.swift */,
				5FDE175B27B9F42D0009CB39 /* OpenChannelUserMessageUseCase.swift */,
				5FDE175C27B9F42D0009CB39 /* OpenChannelFileMessageUseCase.swift */,
				5FDE176127B9FFE40009CB39 /* OpenChannelOperatorListUseCase.swift */,
			);
			path = OpenChannel;
			sourceTree = "<group>";
		};
		5FD8CE9C27B35A62006F539B /* GroupChannelList */ = {
			isa = PBXGroup;
			children = (
				5FD8CE9D27B35A72006F539B /* GroupChannelListUseCase.swift */,
				5FD8CED527B4E762006F539B /* CreateGroupChannelUseCase.swift */,
			);
			path = GroupChannelList;
			sourceTree = "<group>";
		};
		5FD8CEA627B3632B006F539B /* Profile */ = {
			isa = PBXGroup;
			children = (
				5FD8CEA727B36332006F539B /* ProfileImageView.swift */,
				5FDE176327BA48060009CB39 /* ProfileEditView.swift */,
				5FDE176527BA48280009CB39 /* ProfileEditView.xib */,
				5FDE177127BA4C940009CB39 /* ProfileEditViewController.swift */,
				5FDE177327BA4CAD0009CB39 /* ProfileEditViewController.xib */,
			);
			path = Profile;
			sourceTree = "<group>";
		};
		5FD8CEB327B373B5006F539B /* MessageInput */ = {
			isa = PBXGroup;
			children = (
				5FD8CEB427B37406006F539B /* MessageInputView.swift */,
				5FD8CEB627B3740D006F539B /* MessageInputView.xib */,
			);
			path = MessageInput;
			sourceTree = "<group>";
		};
		5FD8CEBF27B4A389006F539B /* UseCase */ = {
			isa = PBXGroup;
			children = (
				5FEEB64E27B65A3700677373 /* EnvironmentUseCase.swift */,
				5FDE175627B9ED360009CB39 /* User */,
				5FD8CE9C27B35A62006F539B /* GroupChannelList */,
				5FD8CED927B50778006F539B /* GroupChannel */,
				5FDE175527B9ED240009CB39 /* OpenChannelList */,
				5F6F62D127B9EA5500FD6121 /* OpenChannel */,
			);
			path = UseCase;
			sourceTree = "<group>";
		};
		5FD8CEC027B4A399006F539B /* View */ = {
			isa = PBXGroup;
			children = (
				5FDE175027B9EC630009CB39 /* UserSelection */,
				5FD8CEC127B4A3C0006F539B /* GroupChannel */,
				5FD8CEB327B373B5006F539B /* MessageInput */,
				5F00CA5927B260D300206750 /* User */,
			);
			path = View;
			sourceTree = "<group>";
		};
		5FD8CEC127B4A3C0006F539B /* GroupChannel */ = {
			isa = PBXGroup;
			children = (
				5FD8CEC227B4A3F9006F539B /* SelectableUserTableViewCell.swift */,
				5FD8CEC327B4A3F9006F539B /* SelectableUserTableViewCell.xib */,
				5FD8CEC527B4A3F9006F539B /* SelectedUserCollectionViewCell.swift */,
				5FD8CEC427B4A3F9006F539B /* SelectedUserCollectionViewCell.xib */,
			);
			path = GroupChannel;
			sourceTree = "<group>";
		};
		5FD8CED927B50778006F539B /* GroupChannel */ = {
			isa = PBXGroup;
			children = (
				5FD8CEDA27B50792006F539B /* GroupChannelMessageListUseCase.swift */,
				5FF9F9D327B559340080565A /* GroupChannelUserMessageUseCase.swift */,
				5FF9F9E627B62ED50080565A /* GroupChannelFileMessageUseCase.swift */,
				5F6F62A527B6A4F300FD6121 /* GroupChannelInviteMemberUseCase.swift */,
			);
			path = GroupChannel;
			sourceTree = "<group>";
		};
		5FDE175027B9EC630009CB39 /* UserSelection */ = {
			isa = PBXGroup;
			children = (
				5FDE175127B9EC770009CB39 /* UserSelectionViewController.swift */,
				5FDE175227B9EC770009CB39 /* UserSelectionViewController.xib */,
			);
			path = UserSelection;
			sourceTree = "<group>";
		};
		5FDE175527B9ED240009CB39 /* OpenChannelList */ = {
			isa = PBXGroup;
			children = (
				5FDE175727B9ED640009CB39 /* OpenChannelListUseCase.swift */,
				5F6F62D227B9EA7C00FD6121 /* CreateOpenChannelUseCase.swift */,
			);
			path = OpenChannelList;
			sourceTree = "<group>";
		};
		5FDE175627B9ED360009CB39 /* User */ = {
			isa = PBXGroup;
			children = (
				5FDF2B4F27B26C4D00C3A8A2 /* UserConnectionUseCase.swift */,
				5FD8CECA27B4A643006F539B /* UserSelectionUseCase.swift */,
			);
			path = User;
			sourceTree = "<group>";
		};
/* End PBXGroup section */

/* Begin PBXHeadersBuildPhase section */
		5F00C9B327B2474200206750 /* Headers */ = {
			isa = PBXHeadersBuildPhase;
			buildActionMask = 2147483647;
			files = (
				5F00C9C927B2474200206750 /* BaseModule.h in Headers */,
			);
			runOnlyForDeploymentPostprocessing = 0;
		};
/* End PBXHeadersBuildPhase section */

/* Begin PBXNativeTarget section */
		5F00C9B727B2474200206750 /* CommonModule */ = {
			isa = PBXNativeTarget;
			buildConfigurationList = 5F00C9CC27B2474200206750 /* Build configuration list for PBXNativeTarget "CommonModule" */;
			buildPhases = (
				5F00C9B327B2474200206750 /* Headers */,
				5F00C9B427B2474200206750 /* Sources */,
				5F00C9B527B2474200206750 /* Frameworks */,
				5F00C9B627B2474200206750 /* Resources */,
			);
			buildRules = (
			);
			dependencies = (
			);
			name = CommonModule;
			packageProductDependencies = (
				5F00CA4B27B24B0400206750 /* SendBirdSDK */,
				5FD8CEAA27B36519006F539B /* Kingfisher */,
			);
			productName = BaseModule;
			productReference = 5F00C9B827B2474200206750 /* CommonModule.framework */;
			productType = "com.apple.product-type.framework";
		};
		5F00C9C127B2474200206750 /* CommonModuleTests */ = {
			isa = PBXNativeTarget;
			buildConfigurationList = 5F00C9CF27B2474200206750 /* Build configuration list for PBXNativeTarget "CommonModuleTests" */;
			buildPhases = (
				5F00C9BE27B2474200206750 /* Sources */,
				5F00C9BF27B2474200206750 /* Frameworks */,
				5F00C9C027B2474200206750 /* Resources */,
			);
			buildRules = (
			);
			dependencies = (
				5F00C9C527B2474200206750 /* PBXTargetDependency */,
			);
			name = CommonModuleTests;
			productName = BaseModuleTests;
			productReference = 5F00C9C227B2474200206750 /* CommonModuleTests.xctest */;
			productType = "com.apple.product-type.bundle.unit-test";
		};
/* End PBXNativeTarget section */

/* Begin PBXProject section */
		5F00C9AF27B2474200206750 /* Project object */ = {
			isa = PBXProject;
			attributes = {
				BuildIndependentTargetsInParallel = 1;
				LastSwiftUpdateCheck = 1320;
				LastUpgradeCheck = 1320;
				TargetAttributes = {
					5F00C9B727B2474200206750 = {
						CreatedOnToolsVersion = 13.2.1;
					};
					5F00C9C127B2474200206750 = {
						CreatedOnToolsVersion = 13.2.1;
					};
				};
			};
			buildConfigurationList = 5F00C9B227B2474200206750 /* Build configuration list for PBXProject "CommonModule" */;
			compatibilityVersion = "Xcode 13.0";
			developmentRegion = en;
			hasScannedForEncodings = 0;
			knownRegions = (
				en,
				Base,
			);
			mainGroup = 5F00C9AE27B2474200206750;
			packageReferences = (
				5F00CA4A27B24B0400206750 /* XCRemoteSwiftPackageReference "SendBird-iOS-framework" */,
				5FD8CEA927B36519006F539B /* XCRemoteSwiftPackageReference "Kingfisher" */,
			);
			productRefGroup = 5F00C9B927B2474200206750 /* Products */;
			projectDirPath = "";
			projectRoot = "";
			targets = (
				5F00C9B727B2474200206750 /* CommonModule */,
				5F00C9C127B2474200206750 /* CommonModuleTests */,
			);
		};
/* End PBXProject section */

/* Begin PBXResourcesBuildPhase section */
		5F00C9B627B2474200206750 /* Resources */ = {
			isa = PBXResourcesBuildPhase;
			buildActionMask = 2147483647;
			files = (
				5FD8CEC727B4A42C006F539B /* SelectedUserCollectionViewCell.xib in Resources */,
				5F00CA6727B265CB00206750 /* Assets.xcassets in Resources */,
				5FDE175427B9EC770009CB39 /* UserSelectionViewController.xib in Resources */,
				5FD8CEB727B3740D006F539B /* MessageInputView.xib in Resources */,
				5FDE177427BA4CAD0009CB39 /* ProfileEditViewController.xib in Resources */,
				5F00CA6027B2629400206750 /* LoginViewController.xib in Resources */,
				5FD8CEC827B4A42C006F539B /* SelectableUserTableViewCell.xib in Resources */,
				5FDE176627BA48280009CB39 /* ProfileEditView.xib in Resources */,
			);
			runOnlyForDeploymentPostprocessing = 0;
		};
		5F00C9C027B2474200206750 /* Resources */ = {
			isa = PBXResourcesBuildPhase;
			buildActionMask = 2147483647;
			files = (
			);
			runOnlyForDeploymentPostprocessing = 0;
		};
/* End PBXResourcesBuildPhase section */

/* Begin PBXSourcesBuildPhase section */
		5F00C9B427B2474200206750 /* Sources */ = {
			isa = PBXSourcesBuildPhase;
			buildActionMask = 2147483647;
			files = (
				5FDE176027B9F7A70009CB39 /* OpenChannelMessageListUseCase.swift in Sources */,
				5FD8CECB27B4A643006F539B /* UserSelectionUseCase.swift in Sources */,
				5FD8CEC927B4A42C006F539B /* SelectedUserCollectionViewCell.swift in Sources */,
				5FF9F9D427B559340080565A /* GroupChannelUserMessageUseCase.swift in Sources */,
				5FDF2B5027B26C4D00C3A8A2 /* UserConnectionUseCase.swift in Sources */,
				5FEEB64F27B65A3700677373 /* EnvironmentUseCase.swift in Sources */,
				5FDE175D27B9F7A70009CB39 /* OpenChannelFileMessageUseCase.swift in Sources */,
				5F00CA6527B2639B00206750 /* UIViewController+Extension.swift in Sources */,
				5FDF2B5227B2A45E00C3A8A2 /* UserDefault.swift in Sources */,
				5FD8CED627B4E762006F539B /* CreateGroupChannelUseCase.swift in Sources */,
				5FDE175327B9EC770009CB39 /* UserSelectionViewController.swift in Sources */,
				5FDE176227B9FFE40009CB39 /* OpenChannelOperatorListUseCase.swift in Sources */,
				5FD8CEB927B375F9006F539B /* NibLoadable.swift in Sources */,
				5F00CA6227B262AC00206750 /* LoginViewController.swift in Sources */,
				5FD8CE9E27B35A72006F539B /* GroupChannelListUseCase.swift in Sources */,
				5FD8CEA827B36332006F539B /* ProfileImageView.swift in Sources */,
				5FDE177227BA4C940009CB39 /* ProfileEditViewController.swift in Sources */,
				5F00C9BD27B2474200206750 /* BaseModule.docc in Sources */,
				5FD8CED127B4DED5006F539B /* UIImage+Extension.swift in Sources */,
				5FDE175827B9ED640009CB39 /* OpenChannelListUseCase.swift in Sources */,
				5F6F62AA27B90FB600FD6121 /* BaseAppearance.swift in Sources */,
				5F6F62A627B6A4F300FD6121 /* GroupChannelInviteMemberUseCase.swift in Sources */,
				5FDE176427BA48060009CB39 /* ProfileEditView.swift in Sources */,
				5FD8CEDB27B50792006F539B /* GroupChannelMessageListUseCase.swift in Sources */,
				5FD8CEC627B4A429006F539B /* SelectableUserTableViewCell.swift in Sources */,
				5FD8CEB527B37406006F539B /* MessageInputView.swift in Sources */,
				5FF9F9E727B62ED50080565A /* GroupChannelFileMessageUseCase.swift in Sources */,
				5F6F62D327B9EA7C00FD6121 /* CreateOpenChannelUseCase.swift in Sources */,
				5FDE175F27B9F7A70009CB39 /* OpenChannelUserMessageUseCase.swift in Sources */,
				5F6F62A827B90AA000FD6121 /* VersionInfo.swift in Sources */,
			);
			runOnlyForDeploymentPostprocessing = 0;
		};
		5F00C9BE27B2474200206750 /* Sources */ = {
			isa = PBXSourcesBuildPhase;
			buildActionMask = 2147483647;
			files = (
				5F00C9C827B2474200206750 /* CommonModuleTests.swift in Sources */,
			);
			runOnlyForDeploymentPostprocessing = 0;
		};
/* End PBXSourcesBuildPhase section */

/* Begin PBXTargetDependency section */
		5F00C9C527B2474200206750 /* PBXTargetDependency */ = {
			isa = PBXTargetDependency;
			target = 5F00C9B727B2474200206750 /* CommonModule */;
			targetProxy = 5F00C9C427B2474200206750 /* PBXContainerItemProxy */;
		};
/* End PBXTargetDependency section */

/* Begin XCBuildConfiguration section */
		5F00C9CA27B2474200206750 /* Debug */ = {
			isa = XCBuildConfiguration;
			buildSettings = {
				ALWAYS_SEARCH_USER_PATHS = NO;
				CLANG_ANALYZER_NONNULL = YES;
				CLANG_ANALYZER_NUMBER_OBJECT_CONVERSION = YES_AGGRESSIVE;
				CLANG_CXX_LANGUAGE_STANDARD = "gnu++17";
				CLANG_CXX_LIBRARY = "libc++";
				CLANG_ENABLE_MODULES = YES;
				CLANG_ENABLE_OBJC_ARC = YES;
				CLANG_ENABLE_OBJC_WEAK = YES;
				CLANG_WARN_BLOCK_CAPTURE_AUTORELEASING = YES;
				CLANG_WARN_BOOL_CONVERSION = YES;
				CLANG_WARN_COMMA = YES;
				CLANG_WARN_CONSTANT_CONVERSION = YES;
				CLANG_WARN_DEPRECATED_OBJC_IMPLEMENTATIONS = YES;
				CLANG_WARN_DIRECT_OBJC_ISA_USAGE = YES_ERROR;
				CLANG_WARN_DOCUMENTATION_COMMENTS = YES;
				CLANG_WARN_EMPTY_BODY = YES;
				CLANG_WARN_ENUM_CONVERSION = YES;
				CLANG_WARN_INFINITE_RECURSION = YES;
				CLANG_WARN_INT_CONVERSION = YES;
				CLANG_WARN_NON_LITERAL_NULL_CONVERSION = YES;
				CLANG_WARN_OBJC_IMPLICIT_RETAIN_SELF = YES;
				CLANG_WARN_OBJC_LITERAL_CONVERSION = YES;
				CLANG_WARN_OBJC_ROOT_CLASS = YES_ERROR;
				CLANG_WARN_QUOTED_INCLUDE_IN_FRAMEWORK_HEADER = YES;
				CLANG_WARN_RANGE_LOOP_ANALYSIS = YES;
				CLANG_WARN_STRICT_PROTOTYPES = YES;
				CLANG_WARN_SUSPICIOUS_MOVE = YES;
				CLANG_WARN_UNGUARDED_AVAILABILITY = YES_AGGRESSIVE;
				CLANG_WARN_UNREACHABLE_CODE = YES;
				CLANG_WARN__DUPLICATE_METHOD_MATCH = YES;
				COPY_PHASE_STRIP = NO;
				CURRENT_PROJECT_VERSION = 1;
				DEBUG_INFORMATION_FORMAT = dwarf;
				ENABLE_STRICT_OBJC_MSGSEND = YES;
				ENABLE_TESTABILITY = YES;
				GCC_C_LANGUAGE_STANDARD = gnu11;
				GCC_DYNAMIC_NO_PIC = NO;
				GCC_NO_COMMON_BLOCKS = YES;
				GCC_OPTIMIZATION_LEVEL = 0;
				GCC_PREPROCESSOR_DEFINITIONS = (
					"DEBUG=1",
					"$(inherited)",
				);
				GCC_WARN_64_TO_32_BIT_CONVERSION = YES;
				GCC_WARN_ABOUT_RETURN_TYPE = YES_ERROR;
				GCC_WARN_UNDECLARED_SELECTOR = YES;
				GCC_WARN_UNINITIALIZED_AUTOS = YES_AGGRESSIVE;
				GCC_WARN_UNUSED_FUNCTION = YES;
				GCC_WARN_UNUSED_VARIABLE = YES;
				IPHONEOS_DEPLOYMENT_TARGET = 13.0;
				MTL_ENABLE_DEBUG_INFO = INCLUDE_SOURCE;
				MTL_FAST_MATH = YES;
				ONLY_ACTIVE_ARCH = YES;
				SDKROOT = iphoneos;
				SWIFT_ACTIVE_COMPILATION_CONDITIONS = DEBUG;
				SWIFT_OPTIMIZATION_LEVEL = "-Onone";
				VERSIONING_SYSTEM = "apple-generic";
				VERSION_INFO_PREFIX = "";
			};
			name = Debug;
		};
		5F00C9CB27B2474200206750 /* Release */ = {
			isa = XCBuildConfiguration;
			buildSettings = {
				ALWAYS_SEARCH_USER_PATHS = NO;
				CLANG_ANALYZER_NONNULL = YES;
				CLANG_ANALYZER_NUMBER_OBJECT_CONVERSION = YES_AGGRESSIVE;
				CLANG_CXX_LANGUAGE_STANDARD = "gnu++17";
				CLANG_CXX_LIBRARY = "libc++";
				CLANG_ENABLE_MODULES = YES;
				CLANG_ENABLE_OBJC_ARC = YES;
				CLANG_ENABLE_OBJC_WEAK = YES;
				CLANG_WARN_BLOCK_CAPTURE_AUTORELEASING = YES;
				CLANG_WARN_BOOL_CONVERSION = YES;
				CLANG_WARN_COMMA = YES;
				CLANG_WARN_CONSTANT_CONVERSION = YES;
				CLANG_WARN_DEPRECATED_OBJC_IMPLEMENTATIONS = YES;
				CLANG_WARN_DIRECT_OBJC_ISA_USAGE = YES_ERROR;
				CLANG_WARN_DOCUMENTATION_COMMENTS = YES;
				CLANG_WARN_EMPTY_BODY = YES;
				CLANG_WARN_ENUM_CONVERSION = YES;
				CLANG_WARN_INFINITE_RECURSION = YES;
				CLANG_WARN_INT_CONVERSION = YES;
				CLANG_WARN_NON_LITERAL_NULL_CONVERSION = YES;
				CLANG_WARN_OBJC_IMPLICIT_RETAIN_SELF = YES;
				CLANG_WARN_OBJC_LITERAL_CONVERSION = YES;
				CLANG_WARN_OBJC_ROOT_CLASS = YES_ERROR;
				CLANG_WARN_QUOTED_INCLUDE_IN_FRAMEWORK_HEADER = YES;
				CLANG_WARN_RANGE_LOOP_ANALYSIS = YES;
				CLANG_WARN_STRICT_PROTOTYPES = YES;
				CLANG_WARN_SUSPICIOUS_MOVE = YES;
				CLANG_WARN_UNGUARDED_AVAILABILITY = YES_AGGRESSIVE;
				CLANG_WARN_UNREACHABLE_CODE = YES;
				CLANG_WARN__DUPLICATE_METHOD_MATCH = YES;
				COPY_PHASE_STRIP = NO;
				CURRENT_PROJECT_VERSION = 1;
				DEBUG_INFORMATION_FORMAT = "dwarf-with-dsym";
				ENABLE_NS_ASSERTIONS = NO;
				ENABLE_STRICT_OBJC_MSGSEND = YES;
				GCC_C_LANGUAGE_STANDARD = gnu11;
				GCC_NO_COMMON_BLOCKS = YES;
				GCC_WARN_64_TO_32_BIT_CONVERSION = YES;
				GCC_WARN_ABOUT_RETURN_TYPE = YES_ERROR;
				GCC_WARN_UNDECLARED_SELECTOR = YES;
				GCC_WARN_UNINITIALIZED_AUTOS = YES_AGGRESSIVE;
				GCC_WARN_UNUSED_FUNCTION = YES;
				GCC_WARN_UNUSED_VARIABLE = YES;
				IPHONEOS_DEPLOYMENT_TARGET = 13.0;
				MTL_ENABLE_DEBUG_INFO = NO;
				MTL_FAST_MATH = YES;
				SDKROOT = iphoneos;
				SWIFT_COMPILATION_MODE = wholemodule;
				SWIFT_OPTIMIZATION_LEVEL = "-O";
				VALIDATE_PRODUCT = YES;
				VERSIONING_SYSTEM = "apple-generic";
				VERSION_INFO_PREFIX = "";
			};
			name = Release;
		};
		5F00C9CD27B2474200206750 /* Debug */ = {
			isa = XCBuildConfiguration;
			buildSettings = {
				CODE_SIGN_STYLE = Automatic;
				CURRENT_PROJECT_VERSION = 1;
				DEFINES_MODULE = YES;
				DYLIB_COMPATIBILITY_VERSION = 1;
				DYLIB_CURRENT_VERSION = 1;
				DYLIB_INSTALL_NAME_BASE = "@rpath";
				GENERATE_INFOPLIST_FILE = YES;
				INFOPLIST_KEY_NSHumanReadableCopyright = "";
				INSTALL_PATH = "$(LOCAL_LIBRARY_DIR)/Frameworks";
				LD_RUNPATH_SEARCH_PATHS = (
					"$(inherited)",
					"@executable_path/Frameworks",
					"@loader_path/Frameworks",
				);
				MARKETING_VERSION = 1.0;
				PRODUCT_BUNDLE_IDENTIFIER = com.sendbird.chat.CommonModule;
				PRODUCT_NAME = CommonModule;
				SKIP_INSTALL = YES;
				SWIFT_EMIT_LOC_STRINGS = YES;
				SWIFT_VERSION = 5.0;
				TARGETED_DEVICE_FAMILY = "1,2";
			};
			name = Debug;
		};
		5F00C9CE27B2474200206750 /* Release */ = {
			isa = XCBuildConfiguration;
			buildSettings = {
				CODE_SIGN_STYLE = Automatic;
				CURRENT_PROJECT_VERSION = 1;
				DEFINES_MODULE = YES;
				DYLIB_COMPATIBILITY_VERSION = 1;
				DYLIB_CURRENT_VERSION = 1;
				DYLIB_INSTALL_NAME_BASE = "@rpath";
				GENERATE_INFOPLIST_FILE = YES;
				INFOPLIST_KEY_NSHumanReadableCopyright = "";
				INSTALL_PATH = "$(LOCAL_LIBRARY_DIR)/Frameworks";
				LD_RUNPATH_SEARCH_PATHS = (
					"$(inherited)",
					"@executable_path/Frameworks",
					"@loader_path/Frameworks",
				);
				MARKETING_VERSION = 1.0;
				PRODUCT_BUNDLE_IDENTIFIER = com.sendbird.chat.CommonModule;
				PRODUCT_NAME = CommonModule;
				SKIP_INSTALL = YES;
				SWIFT_EMIT_LOC_STRINGS = YES;
				SWIFT_VERSION = 5.0;
				TARGETED_DEVICE_FAMILY = "1,2";
			};
			name = Release;
		};
		5F00C9D027B2474200206750 /* Debug */ = {
			isa = XCBuildConfiguration;
			buildSettings = {
				ALWAYS_EMBED_SWIFT_STANDARD_LIBRARIES = YES;
				CODE_SIGN_STYLE = Automatic;
				CURRENT_PROJECT_VERSION = 1;
				GENERATE_INFOPLIST_FILE = YES;
				MARKETING_VERSION = 1.0;
				PRODUCT_BUNDLE_IDENTIFIER = com.sendbird.chat.CommonModuleTests;
				PRODUCT_NAME = "$(TARGET_NAME)";
				SWIFT_EMIT_LOC_STRINGS = NO;
				SWIFT_VERSION = 5.0;
				TARGETED_DEVICE_FAMILY = "1,2";
			};
			name = Debug;
		};
		5F00C9D127B2474200206750 /* Release */ = {
			isa = XCBuildConfiguration;
			buildSettings = {
				ALWAYS_EMBED_SWIFT_STANDARD_LIBRARIES = YES;
				CODE_SIGN_STYLE = Automatic;
				CURRENT_PROJECT_VERSION = 1;
				GENERATE_INFOPLIST_FILE = YES;
				MARKETING_VERSION = 1.0;
				PRODUCT_BUNDLE_IDENTIFIER = com.sendbird.chat.CommonModuleTests;
				PRODUCT_NAME = "$(TARGET_NAME)";
				SWIFT_EMIT_LOC_STRINGS = NO;
				SWIFT_VERSION = 5.0;
				TARGETED_DEVICE_FAMILY = "1,2";
			};
			name = Release;
		};
/* End XCBuildConfiguration section */

/* Begin XCConfigurationList section */
		5F00C9B227B2474200206750 /* Build configuration list for PBXProject "CommonModule" */ = {
			isa = XCConfigurationList;
			buildConfigurations = (
				5F00C9CA27B2474200206750 /* Debug */,
				5F00C9CB27B2474200206750 /* Release */,
			);
			defaultConfigurationIsVisible = 0;
			defaultConfigurationName = Release;
		};
		5F00C9CC27B2474200206750 /* Build configuration list for PBXNativeTarget "CommonModule" */ = {
			isa = XCConfigurationList;
			buildConfigurations = (
				5F00C9CD27B2474200206750 /* Debug */,
				5F00C9CE27B2474200206750 /* Release */,
			);
			defaultConfigurationIsVisible = 0;
			defaultConfigurationName = Release;
		};
		5F00C9CF27B2474200206750 /* Build configuration list for PBXNativeTarget "CommonModuleTests" */ = {
			isa = XCConfigurationList;
			buildConfigurations = (
				5F00C9D027B2474200206750 /* Debug */,
				5F00C9D127B2474200206750 /* Release */,
			);
			defaultConfigurationIsVisible = 0;
			defaultConfigurationName = Release;
		};
/* End XCConfigurationList section */

/* Begin XCRemoteSwiftPackageReference section */
		5F00CA4A27B24B0400206750 /* XCRemoteSwiftPackageReference "SendBird-iOS-framework" */ = {
			isa = XCRemoteSwiftPackageReference;
			repositoryURL = "https://github.com/sendbird/SendBird-iOS-framework";
			requirement = {
				branch = master;
				kind = branch;
			};
		};
		5FD8CEA927B36519006F539B /* XCRemoteSwiftPackageReference "Kingfisher" */ = {
			isa = XCRemoteSwiftPackageReference;
			repositoryURL = "https://github.com/onevcat/Kingfisher";
			requirement = {
				kind = upToNextMajorVersion;
				minimumVersion = 7.0.0;
			};
		};
/* End XCRemoteSwiftPackageReference section */

/* Begin XCSwiftPackageProductDependency section */
		5F00CA4B27B24B0400206750 /* SendBirdSDK */ = {
			isa = XCSwiftPackageProductDependency;
			package = 5F00CA4A27B24B0400206750 /* XCRemoteSwiftPackageReference "SendBird-iOS-framework" */;
			productName = SendBirdSDK;
		};
		5FD8CEAA27B36519006F539B /* Kingfisher */ = {
			isa = XCSwiftPackageProductDependency;
			package = 5FD8CEA927B36519006F539B /* XCRemoteSwiftPackageReference "Kingfisher" */;
			productName = Kingfisher;
		};
/* End XCSwiftPackageProductDependency section */
	};
	rootObject = 5F00C9AF27B2474200206750 /* Project object */;
}
