// !$*UTF8*$!
{
	archiveVersion = 1;
	classes = {
	};
	objectVersion = 55;
	objects = {

/* Begin PBXBuildFile section */
		113745DF05C9FDB80993A99D /* GroupChannelViewController+Setting.swift in Sources */ = {isa = PBXBuildFile; fileRef = C04AB2A87C9F97AB742FCDDF /* GroupChannelViewController+Setting.swift */; };
		2E8DB14C178DC189BE552208 /* Assets+BasicGroupChannel.swift in Sources */ = {isa = PBXBuildFile; fileRef = C6831E7277773F551D2DAFF3 /* Assets+BasicGroupChannel.swift */; };
		60CEE95E703633064B9E8F80 /* Assets.xcassets in Resources */ = {isa = PBXBuildFile; fileRef = 00D9621F999B4AC8DB45420D /* Assets.xcassets */; };
		66C5E5E160F56B8432DFA8AB /* SettingViewController.swift in Sources */ = {isa = PBXBuildFile; fileRef = 0227EC5D742006625589BC81 /* SettingViewController.swift */; };
		675FA63746CED067A1457750 /* GroupChannelViewController+EditMessage.swift in Sources */ = {isa = PBXBuildFile; fileRef = CD85F9C0016EA49BD0703BA1 /* GroupChannelViewController+EditMessage.swift */; };
		6B2D05D658B67F4E405C546E /* GroupChannelMemberListViewController.swift in Sources */ = {isa = PBXBuildFile; fileRef = 3F443189258320E0957546B5 /* GroupChannelMemberListViewController.swift */; };
		758CE5AFFE10C1014452DF0B /* CreateGroupChannelViewController.swift in Sources */ = {isa = PBXBuildFile; fileRef = BD7E0F5618213B79688CC087 /* CreateGroupChannelViewController.swift */; };
		78B08B2280D714E51E3ECD2D /* Bundle+BasicGroupChannel.swift in Sources */ = {isa = PBXBuildFile; fileRef = 52D548E10FBD05D25D92C9FD /* Bundle+BasicGroupChannel.swift */; };
		891F4DF06AF4B81BC7AA8445 /* Main.storyboard in Resources */ = {isa = PBXBuildFile; fileRef = D9553FD29176C6F40BA694EA /* Main.storyboard */; };
		8D3688EBD114978730A2BA23 /* GroupChannelViewController.swift in Sources */ = {isa = PBXBuildFile; fileRef = B8A3300C912905F567B8C190 /* GroupChannelViewController.swift */; };
		971A35912AF8D92900DA6FEC /* BanAndUnBanUseCase.swift in Sources */ = {isa = PBXBuildFile; fileRef = 971A35902AF8D92900DA6FEC /* BanAndUnBanUseCase.swift */; };
		971A35932AF8D9CA00DA6FEC /* GroupChannelMemberCell.swift in Sources */ = {isa = PBXBuildFile; fileRef = 971A35922AF8D9CA00DA6FEC /* GroupChannelMemberCell.swift */; };
		975BA6362AF3833400232829 /* SendbirdChatSDK in Frameworks */ = {isa = PBXBuildFile; productRef = 975BA6352AF3833400232829 /* SendbirdChatSDK */; };
		975BA6392AF3833C00232829 /* Kingfisher in Frameworks */ = {isa = PBXBuildFile; productRef = 975BA6382AF3833C00232829 /* Kingfisher */; };
		975BA6552AF3837B00232829 /* GroupChannelUserMessageUseCase.swift in Sources */ = {isa = PBXBuildFile; fileRef = 975BA6402AF3837B00232829 /* GroupChannelUserMessageUseCase.swift */; };
		975BA6562AF3837B00232829 /* GroupChannelUserSelectionUseCase.swift in Sources */ = {isa = PBXBuildFile; fileRef = 975BA6412AF3837B00232829 /* GroupChannelUserSelectionUseCase.swift */; };
		975BA6572AF3837B00232829 /* GroupChannelMessageListUseCase.swift in Sources */ = {isa = PBXBuildFile; fileRef = 975BA6422AF3837B00232829 /* GroupChannelMessageListUseCase.swift */; };
		975BA6582AF3837B00232829 /* GroupChannelSettingUseCase.swift in Sources */ = {isa = PBXBuildFile; fileRef = 975BA6432AF3837B00232829 /* GroupChannelSettingUseCase.swift */; };
		975BA6592AF3837B00232829 /* GroupChannelFileMessageUseCase.swift in Sources */ = {isa = PBXBuildFile; fileRef = 975BA6442AF3837B00232829 /* GroupChannelFileMessageUseCase.swift */; };
		975BA65A2AF3837B00232829 /* GroupChannelMemberListUseCase.swift in Sources */ = {isa = PBXBuildFile; fileRef = 975BA6452AF3837B00232829 /* GroupChannelMemberListUseCase.swift */; };
		975BA65B2AF3837B00232829 /* CreateGroupChannelUseCase.swift in Sources */ = {isa = PBXBuildFile; fileRef = 975BA6472AF3837B00232829 /* CreateGroupChannelUseCase.swift */; };
		975BA65C2AF3837B00232829 /* GroupChannelListUseCase.swift in Sources */ = {isa = PBXBuildFile; fileRef = 975BA6482AF3837B00232829 /* GroupChannelListUseCase.swift */; };
		975BA65D2AF3837B00232829 /* UserConnectionUseCase.swift in Sources */ = {isa = PBXBuildFile; fileRef = 975BA64A2AF3837B00232829 /* UserConnectionUseCase.swift */; };
		975BA6652AF3837B00232829 /* EnvironmentUseCase.swift in Sources */ = {isa = PBXBuildFile; fileRef = 975BA6542AF3837B00232829 /* EnvironmentUseCase.swift */; };
		975BA68F2AF3838400232829 /* UserSelectionViewController.swift in Sources */ = {isa = PBXBuildFile; fileRef = 975BA6682AF3838400232829 /* UserSelectionViewController.swift */; };
		975BA6912AF3838400232829 /* GroupChannelListCell.swift in Sources */ = {isa = PBXBuildFile; fileRef = 975BA66B2AF3838400232829 /* GroupChannelListCell.swift */; };
		975BA6932AF3838400232829 /* SelectableUserTableViewCell.swift in Sources */ = {isa = PBXBuildFile; fileRef = 975BA66E2AF3838400232829 /* SelectableUserTableViewCell.swift */; };
		975BA6942AF3838400232829 /* BasicChannelMemberCell.swift in Sources */ = {isa = PBXBuildFile; fileRef = 975BA66F2AF3838400232829 /* BasicChannelMemberCell.swift */; };
		975BA6962AF3838400232829 /* MessageInputView.swift in Sources */ = {isa = PBXBuildFile; fileRef = 975BA6722AF3838400232829 /* MessageInputView.swift */; };
		975BA6982AF3838400232829 /* MessageSendingStatus.swift in Sources */ = {isa = PBXBuildFile; fileRef = 975BA6752AF3838400232829 /* MessageSendingStatus.swift */; };
		975BA6992AF3838400232829 /* BasicFileCell.swift in Sources */ = {isa = PBXBuildFile; fileRef = 975BA6762AF3838400232829 /* BasicFileCell.swift */; };
		975BA69A2AF3838400232829 /* BasicMessageCell.swift in Sources */ = {isa = PBXBuildFile; fileRef = 975BA6772AF3838400232829 /* BasicMessageCell.swift */; };
		975BA69C2AF3838400232829 /* ProfileImageView.swift in Sources */ = {isa = PBXBuildFile; fileRef = 975BA67B2AF3838400232829 /* ProfileImageView.swift */; };
		975BA69E2AF3838400232829 /* ProfileEditViewController.swift in Sources */ = {isa = PBXBuildFile; fileRef = 975BA67D2AF3838400232829 /* ProfileEditViewController.swift */; };
		975BA6A02AF3838400232829 /* LoginViewController.swift in Sources */ = {isa = PBXBuildFile; fileRef = 975BA6802AF3838400232829 /* LoginViewController.swift */; };
		975BA6A12AF3838400232829 /* ProfileEditView.swift in Sources */ = {isa = PBXBuildFile; fileRef = 975BA6822AF3838400232829 /* ProfileEditView.swift */; };
		975BA6A22AF3838400232829 /* KeyboardObserver.swift in Sources */ = {isa = PBXBuildFile; fileRef = 975BA6842AF3838400232829 /* KeyboardObserver.swift */; };
		975BA6A32AF3838400232829 /* UIColor+Extension.swift in Sources */ = {isa = PBXBuildFile; fileRef = 975BA6852AF3838400232829 /* UIColor+Extension.swift */; };
		975BA6A42AF3838400232829 /* UserDefault.swift in Sources */ = {isa = PBXBuildFile; fileRef = 975BA6862AF3838400232829 /* UserDefault.swift */; };
		975BA6A52AF3838400232829 /* Date+Extension.swift in Sources */ = {isa = PBXBuildFile; fileRef = 975BA6872AF3838400232829 /* Date+Extension.swift */; };
		975BA6A62AF3838400232829 /* ImagePickerRouter.swift in Sources */ = {isa = PBXBuildFile; fileRef = 975BA6882AF3838400232829 /* ImagePickerRouter.swift */; };
		975BA6A72AF3838400232829 /* UIImage+Extension.swift in Sources */ = {isa = PBXBuildFile; fileRef = 975BA6892AF3838400232829 /* UIImage+Extension.swift */; };
		975BA6A82AF3838400232829 /* TimestampStorage.swift in Sources */ = {isa = PBXBuildFile; fileRef = 975BA68A2AF3838400232829 /* TimestampStorage.swift */; };
		975BA6A92AF3838400232829 /* UIViewController+Extension.swift in Sources */ = {isa = PBXBuildFile; fileRef = 975BA68B2AF3838400232829 /* UIViewController+Extension.swift */; };
		975BA6AA2AF3838400232829 /* BaseAppearance.swift in Sources */ = {isa = PBXBuildFile; fileRef = 975BA68C2AF3838400232829 /* BaseAppearance.swift */; };
		975BA6AB2AF3838400232829 /* NibLoadable.swift in Sources */ = {isa = PBXBuildFile; fileRef = 975BA68D2AF3838400232829 /* NibLoadable.swift */; };
		975BA6AC2AF3838400232829 /* UITableView+Extension.swift in Sources */ = {isa = PBXBuildFile; fileRef = 975BA68E2AF3838400232829 /* UITableView+Extension.swift */; };
		A7110ABEFEE575E6A189F6E0 /* GroupChannelViewController+FileMessage.swift in Sources */ = {isa = PBXBuildFile; fileRef = B839D355561F906923967541 /* GroupChannelViewController+FileMessage.swift */; };
		B86490F3794A29F290E19A0C /* ViewController.swift in Sources */ = {isa = PBXBuildFile; fileRef = 8969620EAE4F0C05E76EA910 /* ViewController.swift */; };
		CE40921F1D84950169BFF326 /* LaunchScreen.storyboard in Resources */ = {isa = PBXBuildFile; fileRef = A128092DD74110E2EBBA349A /* LaunchScreen.storyboard */; };
		CFA88177CFE63FA244F3D651 /* GroupChannelListViewController.swift in Sources */ = {isa = PBXBuildFile; fileRef = 7FF54CF984A7034FA3493731 /* GroupChannelListViewController.swift */; };
		EA4DF30CCECCADEB5F7D9E61 /* AppDelegate.swift in Sources */ = {isa = PBXBuildFile; fileRef = C5401642085594D41E16D897 /* AppDelegate.swift */; };
/* End PBXBuildFile section */

/* Begin PBXCopyFilesBuildPhase section */
		C88AFA49AC22CB5CDE589327 /* Embed Frameworks */ = {
			isa = PBXCopyFilesBuildPhase;
			buildActionMask = 2147483647;
			dstPath = "";
			dstSubfolderSpec = 10;
			files = (
			);
			name = "Embed Frameworks";
			runOnlyForDeploymentPostprocessing = 0;
		};
/* End PBXCopyFilesBuildPhase section */

/* Begin PBXFileReference section */
		00D9621F999B4AC8DB45420D /* Assets.xcassets */ = {isa = PBXFileReference; lastKnownFileType = folder.assetcatalog; path = Assets.xcassets; sourceTree = "<group>"; };
		0227EC5D742006625589BC81 /* SettingViewController.swift */ = {isa = PBXFileReference; lastKnownFileType = sourcecode.swift; path = SettingViewController.swift; sourceTree = "<group>"; };
		3AB403013FCDB20C0719E077 /* CommonModule.framework */ = {isa = PBXFileReference; explicitFileType = wrapper.framework; includeInIndex = 0; path = CommonModule.framework; sourceTree = BUILT_PRODUCTS_DIR; };
		3F443189258320E0957546B5 /* GroupChannelMemberListViewController.swift */ = {isa = PBXFileReference; lastKnownFileType = sourcecode.swift; path = GroupChannelMemberListViewController.swift; sourceTree = "<group>"; };
		52D548E10FBD05D25D92C9FD /* Bundle+BasicGroupChannel.swift */ = {isa = PBXFileReference; lastKnownFileType = sourcecode.swift; path = "Bundle+BasicGroupChannel.swift"; sourceTree = "<group>"; };
		7FF54CF984A7034FA3493731 /* GroupChannelListViewController.swift */ = {isa = PBXFileReference; lastKnownFileType = sourcecode.swift; path = GroupChannelListViewController.swift; sourceTree = "<group>"; };
		8969620EAE4F0C05E76EA910 /* ViewController.swift */ = {isa = PBXFileReference; lastKnownFileType = sourcecode.swift; path = ViewController.swift; sourceTree = "<group>"; };
		971A35902AF8D92900DA6FEC /* BanAndUnBanUseCase.swift */ = {isa = PBXFileReference; fileEncoding = 4; lastKnownFileType = sourcecode.swift; path = BanAndUnBanUseCase.swift; sourceTree = "<group>"; };
		971A35922AF8D9CA00DA6FEC /* GroupChannelMemberCell.swift */ = {isa = PBXFileReference; fileEncoding = 4; lastKnownFileType = sourcecode.swift; path = GroupChannelMemberCell.swift; sourceTree = "<group>"; };
		975BA6402AF3837B00232829 /* GroupChannelUserMessageUseCase.swift */ = {isa = PBXFileReference; fileEncoding = 4; lastKnownFileType = sourcecode.swift; path = GroupChannelUserMessageUseCase.swift; sourceTree = "<group>"; };
		975BA6412AF3837B00232829 /* GroupChannelUserSelectionUseCase.swift */ = {isa = PBXFileReference; fileEncoding = 4; lastKnownFileType = sourcecode.swift; path = GroupChannelUserSelectionUseCase.swift; sourceTree = "<group>"; };
		975BA6422AF3837B00232829 /* GroupChannelMessageListUseCase.swift */ = {isa = PBXFileReference; fileEncoding = 4; lastKnownFileType = sourcecode.swift; path = GroupChannelMessageListUseCase.swift; sourceTree = "<group>"; };
		975BA6432AF3837B00232829 /* GroupChannelSettingUseCase.swift */ = {isa = PBXFileReference; fileEncoding = 4; lastKnownFileType = sourcecode.swift; path = GroupChannelSettingUseCase.swift; sourceTree = "<group>"; };
		975BA6442AF3837B00232829 /* GroupChannelFileMessageUseCase.swift */ = {isa = PBXFileReference; fileEncoding = 4; lastKnownFileType = sourcecode.swift; path = GroupChannelFileMessageUseCase.swift; sourceTree = "<group>"; };
		975BA6452AF3837B00232829 /* GroupChannelMemberListUseCase.swift */ = {isa = PBXFileReference; fileEncoding = 4; lastKnownFileType = sourcecode.swift; path = GroupChannelMemberListUseCase.swift; sourceTree = "<group>"; };
		975BA6472AF3837B00232829 /* CreateGroupChannelUseCase.swift */ = {isa = PBXFileReference; fileEncoding = 4; lastKnownFileType = sourcecode.swift; path = CreateGroupChannelUseCase.swift; sourceTree = "<group>"; };
		975BA6482AF3837B00232829 /* GroupChannelListUseCase.swift */ = {isa = PBXFileReference; fileEncoding = 4; lastKnownFileType = sourcecode.swift; path = GroupChannelListUseCase.swift; sourceTree = "<group>"; };
		975BA64A2AF3837B00232829 /* UserConnectionUseCase.swift */ = {isa = PBXFileReference; fileEncoding = 4; lastKnownFileType = sourcecode.swift; path = UserConnectionUseCase.swift; sourceTree = "<group>"; };
		975BA6542AF3837B00232829 /* EnvironmentUseCase.swift */ = {isa = PBXFileReference; fileEncoding = 4; lastKnownFileType = sourcecode.swift; path = EnvironmentUseCase.swift; sourceTree = "<group>"; };
		975BA6682AF3838400232829 /* UserSelectionViewController.swift */ = {isa = PBXFileReference; fileEncoding = 4; lastKnownFileType = sourcecode.swift; path = UserSelectionViewController.swift; sourceTree = "<group>"; };
		975BA66B2AF3838400232829 /* GroupChannelListCell.swift */ = {isa = PBXFileReference; fileEncoding = 4; lastKnownFileType = sourcecode.swift; path = GroupChannelListCell.swift; sourceTree = "<group>"; };
		975BA66E2AF3838400232829 /* SelectableUserTableViewCell.swift */ = {isa = PBXFileReference; fileEncoding = 4; lastKnownFileType = sourcecode.swift; path = SelectableUserTableViewCell.swift; sourceTree = "<group>"; };
		975BA66F2AF3838400232829 /* BasicChannelMemberCell.swift */ = {isa = PBXFileReference; fileEncoding = 4; lastKnownFileType = sourcecode.swift; path = BasicChannelMemberCell.swift; sourceTree = "<group>"; };
		975BA6722AF3838400232829 /* MessageInputView.swift */ = {isa = PBXFileReference; fileEncoding = 4; lastKnownFileType = sourcecode.swift; path = MessageInputView.swift; sourceTree = "<group>"; };
		975BA6752AF3838400232829 /* MessageSendingStatus.swift */ = {isa = PBXFileReference; fileEncoding = 4; lastKnownFileType = sourcecode.swift; path = MessageSendingStatus.swift; sourceTree = "<group>"; };
		975BA6762AF3838400232829 /* BasicFileCell.swift */ = {isa = PBXFileReference; fileEncoding = 4; lastKnownFileType = sourcecode.swift; path = BasicFileCell.swift; sourceTree = "<group>"; };
		975BA6772AF3838400232829 /* BasicMessageCell.swift */ = {isa = PBXFileReference; fileEncoding = 4; lastKnownFileType = sourcecode.swift; path = BasicMessageCell.swift; sourceTree = "<group>"; };
		975BA67B2AF3838400232829 /* ProfileImageView.swift */ = {isa = PBXFileReference; fileEncoding = 4; lastKnownFileType = sourcecode.swift; path = ProfileImageView.swift; sourceTree = "<group>"; };
		975BA67D2AF3838400232829 /* ProfileEditViewController.swift */ = {isa = PBXFileReference; fileEncoding = 4; lastKnownFileType = sourcecode.swift; path = ProfileEditViewController.swift; sourceTree = "<group>"; };
		975BA6802AF3838400232829 /* LoginViewController.swift */ = {isa = PBXFileReference; fileEncoding = 4; lastKnownFileType = sourcecode.swift; path = LoginViewController.swift; sourceTree = "<group>"; };
		975BA6822AF3838400232829 /* ProfileEditView.swift */ = {isa = PBXFileReference; fileEncoding = 4; lastKnownFileType = sourcecode.swift; path = ProfileEditView.swift; sourceTree = "<group>"; };
		975BA6842AF3838400232829 /* KeyboardObserver.swift */ = {isa = PBXFileReference; fileEncoding = 4; lastKnownFileType = sourcecode.swift; path = KeyboardObserver.swift; sourceTree = "<group>"; };
		975BA6852AF3838400232829 /* UIColor+Extension.swift */ = {isa = PBXFileReference; fileEncoding = 4; lastKnownFileType = sourcecode.swift; path = "UIColor+Extension.swift"; sourceTree = "<group>"; };
		975BA6862AF3838400232829 /* UserDefault.swift */ = {isa = PBXFileReference; fileEncoding = 4; lastKnownFileType = sourcecode.swift; path = UserDefault.swift; sourceTree = "<group>"; };
		975BA6872AF3838400232829 /* Date+Extension.swift */ = {isa = PBXFileReference; fileEncoding = 4; lastKnownFileType = sourcecode.swift; path = "Date+Extension.swift"; sourceTree = "<group>"; };
		975BA6882AF3838400232829 /* ImagePickerRouter.swift */ = {isa = PBXFileReference; fileEncoding = 4; lastKnownFileType = sourcecode.swift; path = ImagePickerRouter.swift; sourceTree = "<group>"; };
		975BA6892AF3838400232829 /* UIImage+Extension.swift */ = {isa = PBXFileReference; fileEncoding = 4; lastKnownFileType = sourcecode.swift; path = "UIImage+Extension.swift"; sourceTree = "<group>"; };
		975BA68A2AF3838400232829 /* TimestampStorage.swift */ = {isa = PBXFileReference; fileEncoding = 4; lastKnownFileType = sourcecode.swift; path = TimestampStorage.swift; sourceTree = "<group>"; };
		975BA68B2AF3838400232829 /* UIViewController+Extension.swift */ = {isa = PBXFileReference; fileEncoding = 4; lastKnownFileType = sourcecode.swift; path = "UIViewController+Extension.swift"; sourceTree = "<group>"; };
		975BA68C2AF3838400232829 /* BaseAppearance.swift */ = {isa = PBXFileReference; fileEncoding = 4; lastKnownFileType = sourcecode.swift; path = BaseAppearance.swift; sourceTree = "<group>"; };
		975BA68D2AF3838400232829 /* NibLoadable.swift */ = {isa = PBXFileReference; fileEncoding = 4; lastKnownFileType = sourcecode.swift; path = NibLoadable.swift; sourceTree = "<group>"; };
		975BA68E2AF3838400232829 /* UITableView+Extension.swift */ = {isa = PBXFileReference; fileEncoding = 4; lastKnownFileType = sourcecode.swift; path = "UITableView+Extension.swift"; sourceTree = "<group>"; };
		A128092DD74110E2EBBA349A /* LaunchScreen.storyboard */ = {isa = PBXFileReference; lastKnownFileType = file.storyboard; path = LaunchScreen.storyboard; sourceTree = "<group>"; };
		B839D355561F906923967541 /* GroupChannelViewController+FileMessage.swift */ = {isa = PBXFileReference; lastKnownFileType = sourcecode.swift; path = "GroupChannelViewController+FileMessage.swift"; sourceTree = "<group>"; };
		B8A3300C912905F567B8C190 /* GroupChannelViewController.swift */ = {isa = PBXFileReference; lastKnownFileType = sourcecode.swift; path = GroupChannelViewController.swift; sourceTree = "<group>"; };
		BD7E0F5618213B79688CC087 /* CreateGroupChannelViewController.swift */ = {isa = PBXFileReference; lastKnownFileType = sourcecode.swift; path = CreateGroupChannelViewController.swift; sourceTree = "<group>"; };
		C04AB2A87C9F97AB742FCDDF /* GroupChannelViewController+Setting.swift */ = {isa = PBXFileReference; lastKnownFileType = sourcecode.swift; path = "GroupChannelViewController+Setting.swift"; sourceTree = "<group>"; };
		C5401642085594D41E16D897 /* AppDelegate.swift */ = {isa = PBXFileReference; lastKnownFileType = sourcecode.swift; path = AppDelegate.swift; sourceTree = "<group>"; };
		C6831E7277773F551D2DAFF3 /* Assets+BasicGroupChannel.swift */ = {isa = PBXFileReference; lastKnownFileType = sourcecode.swift; path = "Assets+BasicGroupChannel.swift"; sourceTree = "<group>"; };
		CD85F9C0016EA49BD0703BA1 /* GroupChannelViewController+EditMessage.swift */ = {isa = PBXFileReference; lastKnownFileType = sourcecode.swift; path = "GroupChannelViewController+EditMessage.swift"; sourceTree = "<group>"; };
		D9553FD29176C6F40BA694EA /* Main.storyboard */ = {isa = PBXFileReference; lastKnownFileType = file.storyboard; path = Main.storyboard; sourceTree = "<group>"; };
		E31B9029CEF507C31EF3C869 /* BasicGroupChannel.plist */ = {isa = PBXFileReference; lastKnownFileType = text.plist; path = BasicGroupChannel.plist; sourceTree = "<group>"; };
		FB7BEEAFC62486A8E548C5EA /* BasicGroupChannel.app */ = {isa = PBXFileReference; explicitFileType = wrapper.application; includeInIndex = 0; path = BasicGroupChannel.app; sourceTree = BUILT_PRODUCTS_DIR; };
/* End PBXFileReference section */

/* Begin PBXFrameworksBuildPhase section */
		9201EDB29E49260E3F597316 /* Frameworks */ = {
			isa = PBXFrameworksBuildPhase;
			buildActionMask = 2147483647;
			files = (
				975BA6392AF3833C00232829 /* Kingfisher in Frameworks */,
				975BA6362AF3833400232829 /* SendbirdChatSDK in Frameworks */,
			);
			runOnlyForDeploymentPostprocessing = 0;
		};
/* End PBXFrameworksBuildPhase section */

/* Begin PBXGroup section */
		0945583B55E22A176458FEEC = {
			isa = PBXGroup;
			children = (
				8790F9571E2DD93E543888DD /* Project */,
				0A29DBC2928EEDA9B498DD0B /* Frameworks */,
				76027BE9D7160995D6D2F3CD /* Products */,
			);
			sourceTree = "<group>";
		};
		0A29DBC2928EEDA9B498DD0B /* Frameworks */ = {
			isa = PBXGroup;
			children = (
			);
			name = Frameworks;
			sourceTree = "<group>";
		};
		1AB9248DF866A361F241CB6F /* MemberList */ = {
			isa = PBXGroup;
			children = (
				971A35922AF8D9CA00DA6FEC /* GroupChannelMemberCell.swift */,
				3F443189258320E0957546B5 /* GroupChannelMemberListViewController.swift */,
			);
			path = MemberList;
			sourceTree = "<group>";
		};
		65748FD27F0658EC84F85253 /* Setting */ = {
			isa = PBXGroup;
			children = (
				0227EC5D742006625589BC81 /* SettingViewController.swift */,
			);
			path = Setting;
			sourceTree = "<group>";
		};
		75F02DB52C7858E313E6D85D /* Resources */ = {
			isa = PBXGroup;
			children = (
				00D9621F999B4AC8DB45420D /* Assets.xcassets */,
				A128092DD74110E2EBBA349A /* LaunchScreen.storyboard */,
				D9553FD29176C6F40BA694EA /* Main.storyboard */,
			);
			path = Resources;
			sourceTree = "<group>";
		};
		76027BE9D7160995D6D2F3CD /* Products */ = {
			isa = PBXGroup;
			children = (
				FB7BEEAFC62486A8E548C5EA /* BasicGroupChannel.app */,
				3AB403013FCDB20C0719E077 /* CommonModule.framework */,
			);
			name = Products;
			sourceTree = "<group>";
		};
		8790F9571E2DD93E543888DD /* Project */ = {
			isa = PBXGroup;
			children = (
				EF28916BED593C3E53E494C1 /* Derived */,
				75F02DB52C7858E313E6D85D /* Resources */,
				EACFD244B6D0E4046151D215 /* Sources */,
			);
			name = Project;
			sourceTree = "<group>";
		};
		971A358F2AF8D91D00DA6FEC /* BanAndUnBan */ = {
			isa = PBXGroup;
			children = (
				971A35902AF8D92900DA6FEC /* BanAndUnBanUseCase.swift */,
			);
			path = BanAndUnBan;
			sourceTree = "<group>";
		};
		975BA63E2AF3837B00232829 /* UseCase */ = {
			isa = PBXGroup;
			children = (
				971A358F2AF8D91D00DA6FEC /* BanAndUnBan */,
				975BA63F2AF3837B00232829 /* GroupChannel */,
				975BA6462AF3837B00232829 /* GroupChannelList */,
				975BA6492AF3837B00232829 /* User */,
				975BA6542AF3837B00232829 /* EnvironmentUseCase.swift */,
			);
			path = UseCase;
			sourceTree = "<group>";
		};
		975BA63F2AF3837B00232829 /* GroupChannel */ = {
			isa = PBXGroup;
			children = (
				975BA6402AF3837B00232829 /* GroupChannelUserMessageUseCase.swift */,
				975BA6412AF3837B00232829 /* GroupChannelUserSelectionUseCase.swift */,
				975BA6422AF3837B00232829 /* GroupChannelMessageListUseCase.swift */,
				975BA6432AF3837B00232829 /* GroupChannelSettingUseCase.swift */,
				975BA6442AF3837B00232829 /* GroupChannelFileMessageUseCase.swift */,
				975BA6452AF3837B00232829 /* GroupChannelMemberListUseCase.swift */,
			);
			path = GroupChannel;
			sourceTree = "<group>";
		};
		975BA6462AF3837B00232829 /* GroupChannelList */ = {
			isa = PBXGroup;
			children = (
				975BA6472AF3837B00232829 /* CreateGroupChannelUseCase.swift */,
				975BA6482AF3837B00232829 /* GroupChannelListUseCase.swift */,
			);
			path = GroupChannelList;
			sourceTree = "<group>";
		};
		975BA6492AF3837B00232829 /* User */ = {
			isa = PBXGroup;
			children = (
				975BA64A2AF3837B00232829 /* UserConnectionUseCase.swift */,
			);
			path = User;
			sourceTree = "<group>";
		};
		975BA6662AF3838400232829 /* View */ = {
			isa = PBXGroup;
			children = (
				65748FD27F0658EC84F85253 /* Setting */,
				1AB9248DF866A361F241CB6F /* MemberList */,
				975BA6AE2AF89B4900232829 /* CreateGroupChannel */,
				975BA6AD2AF89B2600232829 /* GroupChannelList */,
				975BA6672AF3838400232829 /* UserSelection */,
				975BA66A2AF3838400232829 /* GroupChannel */,
				975BA6712AF3838400232829 /* MessageInput */,
				975BA6742AF3838400232829 /* Message */,
				975BA6782AF3838400232829 /* User */,
			);
			path = View;
			sourceTree = "<group>";
		};
		975BA6672AF3838400232829 /* UserSelection */ = {
			isa = PBXGroup;
			children = (
				975BA6682AF3838400232829 /* UserSelectionViewController.swift */,
			);
			path = UserSelection;
			sourceTree = "<group>";
		};
		975BA66A2AF3838400232829 /* GroupChannel */ = {
			isa = PBXGroup;
			children = (
				975BA6822AF3838400232829 /* ProfileEditView.swift */,
				B8A3300C912905F567B8C190 /* GroupChannelViewController.swift */,
				CD85F9C0016EA49BD0703BA1 /* GroupChannelViewController+EditMessage.swift */,
				B839D355561F906923967541 /* GroupChannelViewController+FileMessage.swift */,
				C04AB2A87C9F97AB742FCDDF /* GroupChannelViewController+Setting.swift */,
				975BA66B2AF3838400232829 /* GroupChannelListCell.swift */,
				975BA66C2AF3838400232829 /* User */,
			);
			path = GroupChannel;
			sourceTree = "<group>";
		};
		975BA66C2AF3838400232829 /* User */ = {
			isa = PBXGroup;
			children = (
				975BA66E2AF3838400232829 /* SelectableUserTableViewCell.swift */,
				975BA66F2AF3838400232829 /* BasicChannelMemberCell.swift */,
			);
			path = User;
			sourceTree = "<group>";
		};
		975BA6712AF3838400232829 /* MessageInput */ = {
			isa = PBXGroup;
			children = (
				975BA6722AF3838400232829 /* MessageInputView.swift */,
			);
			path = MessageInput;
			sourceTree = "<group>";
		};
		975BA6742AF3838400232829 /* Message */ = {
			isa = PBXGroup;
			children = (
				975BA6752AF3838400232829 /* MessageSendingStatus.swift */,
				975BA6762AF3838400232829 /* BasicFileCell.swift */,
				975BA6772AF3838400232829 /* BasicMessageCell.swift */,
			);
			path = Message;
			sourceTree = "<group>";
		};
		975BA6782AF3838400232829 /* User */ = {
			isa = PBXGroup;
			children = (
				975BA6792AF3838400232829 /* Profile */,
				975BA67E2AF3838400232829 /* Login */,
			);
			path = User;
			sourceTree = "<group>";
		};
		975BA6792AF3838400232829 /* Profile */ = {
			isa = PBXGroup;
			children = (
				975BA67B2AF3838400232829 /* ProfileImageView.swift */,
				975BA67D2AF3838400232829 /* ProfileEditViewController.swift */,
			);
			path = Profile;
			sourceTree = "<group>";
		};
		975BA67E2AF3838400232829 /* Login */ = {
			isa = PBXGroup;
			children = (
				975BA6802AF3838400232829 /* LoginViewController.swift */,
			);
			path = Login;
			sourceTree = "<group>";
		};
		975BA6832AF3838400232829 /* Util */ = {
			isa = PBXGroup;
			children = (
				975BA6842AF3838400232829 /* KeyboardObserver.swift */,
				975BA6852AF3838400232829 /* UIColor+Extension.swift */,
				975BA6862AF3838400232829 /* UserDefault.swift */,
				975BA6872AF3838400232829 /* Date+Extension.swift */,
				975BA6882AF3838400232829 /* ImagePickerRouter.swift */,
				975BA6892AF3838400232829 /* UIImage+Extension.swift */,
				975BA68A2AF3838400232829 /* TimestampStorage.swift */,
				975BA68B2AF3838400232829 /* UIViewController+Extension.swift */,
				975BA68C2AF3838400232829 /* BaseAppearance.swift */,
				975BA68D2AF3838400232829 /* NibLoadable.swift */,
				975BA68E2AF3838400232829 /* UITableView+Extension.swift */,
			);
			path = Util;
			sourceTree = "<group>";
		};
		975BA6AD2AF89B2600232829 /* GroupChannelList */ = {
			isa = PBXGroup;
			children = (
				7FF54CF984A7034FA3493731 /* GroupChannelListViewController.swift */,
			);
			path = GroupChannelList;
			sourceTree = "<group>";
		};
		975BA6AE2AF89B4900232829 /* CreateGroupChannel */ = {
			isa = PBXGroup;
			children = (
				BD7E0F5618213B79688CC087 /* CreateGroupChannelViewController.swift */,
			);
			path = CreateGroupChannel;
			sourceTree = "<group>";
		};
		9949DDF61E11E3DC29804E23 /* InfoPlists */ = {
			isa = PBXGroup;
			children = (
				E31B9029CEF507C31EF3C869 /* BasicGroupChannel.plist */,
			);
			path = InfoPlists;
			sourceTree = "<group>";
		};
		CA5DD5CA58BDBB48DCD3FA33 /* Sources */ = {
			isa = PBXGroup;
			children = (
				C6831E7277773F551D2DAFF3 /* Assets+BasicGroupChannel.swift */,
				52D548E10FBD05D25D92C9FD /* Bundle+BasicGroupChannel.swift */,
			);
			path = Sources;
			sourceTree = "<group>";
		};
		EACFD244B6D0E4046151D215 /* Sources */ = {
			isa = PBXGroup;
			children = (
				975BA6832AF3838400232829 /* Util */,
				975BA6662AF3838400232829 /* View */,
				975BA63E2AF3837B00232829 /* UseCase */,
				C5401642085594D41E16D897 /* AppDelegate.swift */,
				8969620EAE4F0C05E76EA910 /* ViewController.swift */,
			);
			path = Sources;
			sourceTree = "<group>";
		};
		EF28916BED593C3E53E494C1 /* Derived */ = {
			isa = PBXGroup;
			children = (
				9949DDF61E11E3DC29804E23 /* InfoPlists */,
				CA5DD5CA58BDBB48DCD3FA33 /* Sources */,
			);
			path = Derived;
			sourceTree = "<group>";
		};
/* End PBXGroup section */

/* Begin PBXNativeTarget section */
		A1971C0E0B4AA6902C19C352 /* BanUnBanUserGroupChannel */ = {
			isa = PBXNativeTarget;
			buildConfigurationList = B35B19A3DF9774B6B7345E24 /* Build configuration list for PBXNativeTarget "BanUnBanUserGroupChannel" */;
			buildPhases = (
				142DC9A83B99CC31764C2438 /* Sources */,
				8CCF769D136426DB51A6B918 /* Resources */,
				C88AFA49AC22CB5CDE589327 /* Embed Frameworks */,
				9201EDB29E49260E3F597316 /* Frameworks */,
			);
			buildRules = (
			);
			dependencies = (
			);
			name = BanUnBanUserGroupChannel;
			packageProductDependencies = (
				975BA6352AF3833400232829 /* SendbirdChatSDK */,
				975BA6382AF3833C00232829 /* Kingfisher */,
			);
			productName = BasicGroupChannel;
			productReference = FB7BEEAFC62486A8E548C5EA /* BasicGroupChannel.app */;
			productType = "com.apple.product-type.application";
		};
/* End PBXNativeTarget section */

/* Begin PBXProject section */
		934C3732DC812C5EA5AA83B5 /* Project object */ = {
			isa = PBXProject;
			attributes = {
				BuildIndependentTargetsInParallel = YES;
				LastSwiftUpdateCheck = 1430;
				LastUpgradeCheck = 1430;
				ORGANIZATIONNAME = Sendbird;
			};
			buildConfigurationList = 17F98BC3A736AC63A4173A29 /* Build configuration list for PBXProject "BanUnBanUserGroupChannel" */;
			compatibilityVersion = "Xcode 13.0";
			developmentRegion = en;
			hasScannedForEncodings = 0;
			knownRegions = (
				Base,
				en,
			);
			mainGroup = 0945583B55E22A176458FEEC;
			packageReferences = (
				975BA6342AF3833400232829 /* XCRemoteSwiftPackageReference "sendbird-chat-sdk-ios" */,
				975BA6372AF3833C00232829 /* XCRemoteSwiftPackageReference "Kingfisher" */,
			);
			productRefGroup = 76027BE9D7160995D6D2F3CD /* Products */;
			projectDirPath = "";
			projectRoot = "";
			targets = (
				A1971C0E0B4AA6902C19C352 /* BanUnBanUserGroupChannel */,
			);
		};
/* End PBXProject section */

/* Begin PBXResourcesBuildPhase section */
		8CCF769D136426DB51A6B918 /* Resources */ = {
			isa = PBXResourcesBuildPhase;
			buildActionMask = 2147483647;
			files = (
				60CEE95E703633064B9E8F80 /* Assets.xcassets in Resources */,
				CE40921F1D84950169BFF326 /* LaunchScreen.storyboard in Resources */,
				891F4DF06AF4B81BC7AA8445 /* Main.storyboard in Resources */,
			);
			runOnlyForDeploymentPostprocessing = 0;
		};
/* End PBXResourcesBuildPhase section */

/* Begin PBXSourcesBuildPhase section */
		142DC9A83B99CC31764C2438 /* Sources */ = {
			isa = PBXSourcesBuildPhase;
			buildActionMask = 2147483647;
			files = (
				975BA6A02AF3838400232829 /* LoginViewController.swift in Sources */,
				975BA68F2AF3838400232829 /* UserSelectionViewController.swift in Sources */,
				975BA6A22AF3838400232829 /* KeyboardObserver.swift in Sources */,
				2E8DB14C178DC189BE552208 /* Assets+BasicGroupChannel.swift in Sources */,
				78B08B2280D714E51E3ECD2D /* Bundle+BasicGroupChannel.swift in Sources */,
				EA4DF30CCECCADEB5F7D9E61 /* AppDelegate.swift in Sources */,
				975BA65D2AF3837B00232829 /* UserConnectionUseCase.swift in Sources */,
				975BA6652AF3837B00232829 /* EnvironmentUseCase.swift in Sources */,
				975BA6AC2AF3838400232829 /* UITableView+Extension.swift in Sources */,
				975BA6AB2AF3838400232829 /* NibLoadable.swift in Sources */,
				975BA6582AF3837B00232829 /* GroupChannelSettingUseCase.swift in Sources */,
				975BA69E2AF3838400232829 /* ProfileEditViewController.swift in Sources */,
				975BA6942AF3838400232829 /* BasicChannelMemberCell.swift in Sources */,
				975BA65C2AF3837B00232829 /* GroupChannelListUseCase.swift in Sources */,
				975BA6932AF3838400232829 /* SelectableUserTableViewCell.swift in Sources */,
				975BA69A2AF3838400232829 /* BasicMessageCell.swift in Sources */,
				675FA63746CED067A1457750 /* GroupChannelViewController+EditMessage.swift in Sources */,
				975BA6A62AF3838400232829 /* ImagePickerRouter.swift in Sources */,
				975BA6A92AF3838400232829 /* UIViewController+Extension.swift in Sources */,
				975BA6562AF3837B00232829 /* GroupChannelUserSelectionUseCase.swift in Sources */,
				975BA6962AF3838400232829 /* MessageInputView.swift in Sources */,
				975BA6982AF3838400232829 /* MessageSendingStatus.swift in Sources */,
				A7110ABEFEE575E6A189F6E0 /* GroupChannelViewController+FileMessage.swift in Sources */,
				975BA6912AF3838400232829 /* GroupChannelListCell.swift in Sources */,
				971A35932AF8D9CA00DA6FEC /* GroupChannelMemberCell.swift in Sources */,
				975BA6A42AF3838400232829 /* UserDefault.swift in Sources */,
				975BA6552AF3837B00232829 /* GroupChannelUserMessageUseCase.swift in Sources */,
				113745DF05C9FDB80993A99D /* GroupChannelViewController+Setting.swift in Sources */,
				8D3688EBD114978730A2BA23 /* GroupChannelViewController.swift in Sources */,
				975BA6AA2AF3838400232829 /* BaseAppearance.swift in Sources */,
				975BA6592AF3837B00232829 /* GroupChannelFileMessageUseCase.swift in Sources */,
				975BA6A82AF3838400232829 /* TimestampStorage.swift in Sources */,
				975BA65B2AF3837B00232829 /* CreateGroupChannelUseCase.swift in Sources */,
				CFA88177CFE63FA244F3D651 /* GroupChannelListViewController.swift in Sources */,
				975BA6A72AF3838400232829 /* UIImage+Extension.swift in Sources */,
				758CE5AFFE10C1014452DF0B /* CreateGroupChannelViewController.swift in Sources */,
				975BA69C2AF3838400232829 /* ProfileImageView.swift in Sources */,
				971A35912AF8D92900DA6FEC /* BanAndUnBanUseCase.swift in Sources */,
				975BA6572AF3837B00232829 /* GroupChannelMessageListUseCase.swift in Sources */,
				6B2D05D658B67F4E405C546E /* GroupChannelMemberListViewController.swift in Sources */,
				66C5E5E160F56B8432DFA8AB /* SettingViewController.swift in Sources */,
				975BA6A32AF3838400232829 /* UIColor+Extension.swift in Sources */,
				975BA6992AF3838400232829 /* BasicFileCell.swift in Sources */,
				975BA6A12AF3838400232829 /* ProfileEditView.swift in Sources */,
				975BA65A2AF3837B00232829 /* GroupChannelMemberListUseCase.swift in Sources */,
				B86490F3794A29F290E19A0C /* ViewController.swift in Sources */,
				975BA6A52AF3838400232829 /* Date+Extension.swift in Sources */,
			);
			runOnlyForDeploymentPostprocessing = 0;
		};
/* End PBXSourcesBuildPhase section */

/* Begin XCBuildConfiguration section */
		56A7B9F342D58B22066C8DAF /* Debug */ = {
			isa = XCBuildConfiguration;
			buildSettings = {
				ALWAYS_SEARCH_USER_PATHS = NO;
				CLANG_ANALYZER_LOCALIZABILITY_NONLOCALIZED = YES;
				CLANG_ANALYZER_NONNULL = YES;
				CLANG_ANALYZER_NUMBER_OBJECT_CONVERSION = YES_AGGRESSIVE;
				CLANG_CXX_LANGUAGE_STANDARD = "gnu++14";
				CLANG_CXX_LIBRARY = "libc++";
				CLANG_ENABLE_MODULES = YES;
				CLANG_ENABLE_OBJC_ARC = YES;
				CLANG_ENABLE_OBJC_WEAK = YES;
				CLANG_WARN_BLOCK_CAPTURE_AUTORELEASING = YES;
				CLANG_WARN_BOOL_CONVERSION = YES;
				CLANG_WARN_COMMA = YES;
				CLANG_WARN_CONSTANT_CONVERSION = YES;
				CLANG_WARN_DEPRECATED_OBJC_IMPLEMENTATIONS = YES;
				CLANG_WARN_DIRECT_OBJC_ISA_USAGE = YES_ERROR;
				CLANG_WARN_DOCUMENTATION_COMMENTS = YES;
				CLANG_WARN_EMPTY_BODY = YES;
				CLANG_WARN_ENUM_CONVERSION = YES;
				CLANG_WARN_INFINITE_RECURSION = YES;
				CLANG_WARN_INT_CONVERSION = YES;
				CLANG_WARN_NON_LITERAL_NULL_CONVERSION = YES;
				CLANG_WARN_OBJC_IMPLICIT_RETAIN_SELF = YES;
				CLANG_WARN_OBJC_LITERAL_CONVERSION = YES;
				CLANG_WARN_OBJC_ROOT_CLASS = YES_ERROR;
				CLANG_WARN_QUOTED_INCLUDE_IN_FRAMEWORK_HEADER = YES;
				CLANG_WARN_RANGE_LOOP_ANALYSIS = YES;
				CLANG_WARN_STRICT_PROTOTYPES = YES;
				CLANG_WARN_SUSPICIOUS_MOVE = YES;
				CLANG_WARN_UNGUARDED_AVAILABILITY = YES_AGGRESSIVE;
				CLANG_WARN_UNREACHABLE_CODE = YES;
				CLANG_WARN__DUPLICATE_METHOD_MATCH = YES;
				COPY_PHASE_STRIP = NO;
				DEAD_CODE_STRIPPING = YES;
				DEBUG_INFORMATION_FORMAT = dwarf;
				ENABLE_STRICT_OBJC_MSGSEND = YES;
				ENABLE_TESTABILITY = YES;
				GCC_C_LANGUAGE_STANDARD = gnu11;
				GCC_DYNAMIC_NO_PIC = NO;
				GCC_NO_COMMON_BLOCKS = YES;
				GCC_OPTIMIZATION_LEVEL = 0;
				GCC_PREPROCESSOR_DEFINITIONS = (
					"DEBUG=1",
					"$(inherited)",
				);
				GCC_WARN_64_TO_32_BIT_CONVERSION = YES;
				GCC_WARN_ABOUT_RETURN_TYPE = YES_ERROR;
				GCC_WARN_UNDECLARED_SELECTOR = YES;
				GCC_WARN_UNINITIALIZED_AUTOS = YES_AGGRESSIVE;
				GCC_WARN_UNUSED_FUNCTION = YES;
				GCC_WARN_UNUSED_VARIABLE = YES;
				MTL_ENABLE_DEBUG_INFO = YES;
				ONLY_ACTIVE_ARCH = YES;
				PRODUCT_NAME = "$(TARGET_NAME)";
			};
			name = Debug;
		};
		5C28432F54E9EA80F61F58B1 /* Release */ = {
			isa = XCBuildConfiguration;
			buildSettings = {
				ASSETCATALOG_COMPILER_APPICON_NAME = AppIcon;
				CODE_SIGN_IDENTITY = "iPhone Developer";
				CODE_SIGN_STYLE = Automatic;
				DEVELOPMENT_TEAM = RM4A5PXTUX;
				ENABLE_PREVIEWS = YES;
				INFOPLIST_FILE = Derived/InfoPlists/BasicGroupChannel.plist;
				IPHONEOS_DEPLOYMENT_TARGET = 13.0;
				LD_RUNPATH_SEARCH_PATHS = (
					"$(inherited)",
					"@executable_path/Frameworks",
				);
				PRODUCT_BUNDLE_IDENTIFIER = com.sendbird.chat.BanUnbanUserGroupChannel;
				PRODUCT_NAME = BasicGroupChannel;
				SDKROOT = iphoneos;
				SUPPORTS_MACCATALYST = NO;
				SWIFT_COMPILATION_MODE = wholemodule;
				SWIFT_OPTIMIZATION_LEVEL = "-Owholemodule";
				SWIFT_VERSION = 5.8.1;
				TARGETED_DEVICE_FAMILY = 1;
			};
			name = Release;
		};
		97FC7A8300595337EF1DDFAC /* Debug */ = {
			isa = XCBuildConfiguration;
			buildSettings = {
				ASSETCATALOG_COMPILER_APPICON_NAME = AppIcon;
				CODE_SIGN_IDENTITY = "iPhone Developer";
				CODE_SIGN_STYLE = Automatic;
				DEVELOPMENT_TEAM = RM4A5PXTUX;
				ENABLE_PREVIEWS = YES;
				INFOPLIST_FILE = Derived/InfoPlists/BasicGroupChannel.plist;
				IPHONEOS_DEPLOYMENT_TARGET = 13.0;
				LD_RUNPATH_SEARCH_PATHS = (
					"$(inherited)",
					"@executable_path/Frameworks",
				);
				PRODUCT_BUNDLE_IDENTIFIER = com.sendbird.chat.BanUnbanUserGroupChannel;
				PRODUCT_NAME = BasicGroupChannel;
				SDKROOT = iphoneos;
				SUPPORTS_MACCATALYST = NO;
				SWIFT_ACTIVE_COMPILATION_CONDITIONS = DEBUG;
				SWIFT_COMPILATION_MODE = singlefile;
				SWIFT_OPTIMIZATION_LEVEL = "-Onone";
				SWIFT_VERSION = 5.8.1;
				TARGETED_DEVICE_FAMILY = 1;
			};
			name = Debug;
		};
		A73DF7D422496FA3345D5785 /* Release */ = {
			isa = XCBuildConfiguration;
			buildSettings = {
				ALWAYS_SEARCH_USER_PATHS = NO;
				CLANG_ANALYZER_LOCALIZABILITY_NONLOCALIZED = YES;
				CLANG_ANALYZER_NONNULL = YES;
				CLANG_ANALYZER_NUMBER_OBJECT_CONVERSION = YES_AGGRESSIVE;
				CLANG_CXX_LANGUAGE_STANDARD = "gnu++14";
				CLANG_CXX_LIBRARY = "libc++";
				CLANG_ENABLE_MODULES = YES;
				CLANG_ENABLE_OBJC_ARC = YES;
				CLANG_ENABLE_OBJC_WEAK = YES;
				CLANG_WARN_BLOCK_CAPTURE_AUTORELEASING = YES;
				CLANG_WARN_BOOL_CONVERSION = YES;
				CLANG_WARN_COMMA = YES;
				CLANG_WARN_CONSTANT_CONVERSION = YES;
				CLANG_WARN_DEPRECATED_OBJC_IMPLEMENTATIONS = YES;
				CLANG_WARN_DIRECT_OBJC_ISA_USAGE = YES_ERROR;
				CLANG_WARN_DOCUMENTATION_COMMENTS = YES;
				CLANG_WARN_EMPTY_BODY = YES;
				CLANG_WARN_ENUM_CONVERSION = YES;
				CLANG_WARN_INFINITE_RECURSION = YES;
				CLANG_WARN_INT_CONVERSION = YES;
				CLANG_WARN_NON_LITERAL_NULL_CONVERSION = YES;
				CLANG_WARN_OBJC_IMPLICIT_RETAIN_SELF = YES;
				CLANG_WARN_OBJC_LITERAL_CONVERSION = YES;
				CLANG_WARN_OBJC_ROOT_CLASS = YES_ERROR;
				CLANG_WARN_QUOTED_INCLUDE_IN_FRAMEWORK_HEADER = YES;
				CLANG_WARN_RANGE_LOOP_ANALYSIS = YES;
				CLANG_WARN_STRICT_PROTOTYPES = YES;
				CLANG_WARN_SUSPICIOUS_MOVE = YES;
				CLANG_WARN_UNGUARDED_AVAILABILITY = YES_AGGRESSIVE;
				CLANG_WARN_UNREACHABLE_CODE = YES;
				CLANG_WARN__DUPLICATE_METHOD_MATCH = YES;
				COPY_PHASE_STRIP = NO;
				DEAD_CODE_STRIPPING = YES;
				DEBUG_INFORMATION_FORMAT = "dwarf-with-dsym";
				ENABLE_NS_ASSERTIONS = NO;
				ENABLE_STRICT_OBJC_MSGSEND = YES;
				GCC_C_LANGUAGE_STANDARD = gnu11;
				GCC_NO_COMMON_BLOCKS = YES;
				GCC_WARN_64_TO_32_BIT_CONVERSION = YES;
				GCC_WARN_ABOUT_RETURN_TYPE = YES_ERROR;
				GCC_WARN_UNDECLARED_SELECTOR = YES;
				GCC_WARN_UNINITIALIZED_AUTOS = YES_AGGRESSIVE;
				GCC_WARN_UNUSED_FUNCTION = YES;
				GCC_WARN_UNUSED_VARIABLE = YES;
				MTL_ENABLE_DEBUG_INFO = NO;
				PRODUCT_NAME = "$(TARGET_NAME)";
				VALIDATE_PRODUCT = YES;
			};
			name = Release;
		};
/* End XCBuildConfiguration section */

/* Begin XCConfigurationList section */
		17F98BC3A736AC63A4173A29 /* Build configuration list for PBXProject "BanUnBanUserGroupChannel" */ = {
			isa = XCConfigurationList;
			buildConfigurations = (
				56A7B9F342D58B22066C8DAF /* Debug */,
				A73DF7D422496FA3345D5785 /* Release */,
			);
			defaultConfigurationIsVisible = 0;
			defaultConfigurationName = Release;
		};
		B35B19A3DF9774B6B7345E24 /* Build configuration list for PBXNativeTarget "BanUnBanUserGroupChannel" */ = {
			isa = XCConfigurationList;
			buildConfigurations = (
				97FC7A8300595337EF1DDFAC /* Debug */,
				5C28432F54E9EA80F61F58B1 /* Release */,
			);
			defaultConfigurationIsVisible = 0;
			defaultConfigurationName = Release;
		};
/* End XCConfigurationList section */

/* Begin XCRemoteSwiftPackageReference section */
		975BA6342AF3833400232829 /* XCRemoteSwiftPackageReference "sendbird-chat-sdk-ios" */ = {
			isa = XCRemoteSwiftPackageReference;
			repositoryURL = "https://github.com/sendbird/sendbird-chat-sdk-ios";
			requirement = {
				branch = master;
				kind = branch;
			};
		};
		975BA6372AF3833C00232829 /* XCRemoteSwiftPackageReference "Kingfisher" */ = {
			isa = XCRemoteSwiftPackageReference;
			repositoryURL = "https://github.com/onevcat/Kingfisher";
			requirement = {
				kind = upToNextMajorVersion;
				minimumVersion = 7.0.0;
			};
		};
/* End XCRemoteSwiftPackageReference section */

/* Begin XCSwiftPackageProductDependency section */
		975BA6352AF3833400232829 /* SendbirdChatSDK */ = {
			isa = XCSwiftPackageProductDependency;
			package = 975BA6342AF3833400232829 /* XCRemoteSwiftPackageReference "sendbird-chat-sdk-ios" */;
			productName = SendbirdChatSDK;
		};
		975BA6382AF3833C00232829 /* Kingfisher */ = {
			isa = XCSwiftPackageProductDependency;
			package = 975BA6372AF3833C00232829 /* XCRemoteSwiftPackageReference "Kingfisher" */;
			productName = Kingfisher;
		};
/* End XCSwiftPackageProductDependency section */
	};
	rootObject = 934C3732DC812C5EA5AA83B5 /* Project object */;
}
