// !$*UTF8*$!
{
	archiveVersion = 1;
	classes = {
	};
	objectVersion = 55;
	objects = {

/* Begin PBXBuildFile section */
		5F901B8C27AB7D1400D1D5D7 /* AppDelegate.swift in Sources */ = {isa = PBXBuildFile; fileRef = 5F901B8B27AB7D1400D1D5D7 /* AppDelegate.swift */; };
		5F901B8E27AB7D1400D1D5D7 /* SceneDelegate.swift in Sources */ = {isa = PBXBuildFile; fileRef = 5F901B8D27AB7D1400D1D5D7 /* SceneDelegate.swift */; };
		5F901B9027AB7D1400D1D5D7 /* ViewController.swift in Sources */ = {isa = PBXBuildFile; fileRef = 5F901B8F27AB7D1400D1D5D7 /* ViewController.swift */; };
		5F901B9327AB7D1400D1D5D7 /* Main.storyboard in Resources */ = {isa = PBXBuildFile; fileRef = 5F901B9127AB7D1400D1D5D7 /* Main.storyboard */; };
		5F901B9527AB7D1500D1D5D7 /* Assets.xcassets in Resources */ = {isa = PBXBuildFile; fileRef = 5F901B9427AB7D1500D1D5D7 /* Assets.xcassets */; };
		5F901B9827AB7D1500D1D5D7 /* LaunchScreen.storyboard in Resources */ = {isa = PBXBuildFile; fileRef = 5F901B9627AB7D1500D1D5D7 /* LaunchScreen.storyboard */; };
		5F901BA327AB7D1500D1D5D7 /* BaseOpenChannelTests.swift in Sources */ = {isa = PBXBuildFile; fileRef = 5F901BA227AB7D1500D1D5D7 /* BaseOpenChannelTests.swift */; };
		5F901BAD27AB7D1500D1D5D7 /* BaseOpenChannelUITests.swift in Sources */ = {isa = PBXBuildFile; fileRef = 5F901BAC27AB7D1500D1D5D7 /* BaseOpenChannelUITests.swift */; };
		5F901BAF27AB7D1500D1D5D7 /* BaseOpenChannelUITestsLaunchTests.swift in Sources */ = {isa = PBXBuildFile; fileRef = 5F901BAE27AB7D1500D1D5D7 /* BaseOpenChannelUITestsLaunchTests.swift */; };
/* End PBXBuildFile section */

/* Begin PBXContainerItemProxy section */
		5F901B9F27AB7D1500D1D5D7 /* PBXContainerItemProxy */ = {
			isa = PBXContainerItemProxy;
			containerPortal = 5F901B8027AB7D1400D1D5D7 /* Project object */;
			proxyType = 1;
			remoteGlobalIDString = 5F901B8727AB7D1400D1D5D7;
			remoteInfo = BaseOpenChannel;
		};
		5F901BA927AB7D1500D1D5D7 /* PBXContainerItemProxy */ = {
			isa = PBXContainerItemProxy;
			containerPortal = 5F901B8027AB7D1400D1D5D7 /* Project object */;
			proxyType = 1;
			remoteGlobalIDString = 5F901B8727AB7D1400D1D5D7;
			remoteInfo = BaseOpenChannel;
		};
/* End PBXContainerItemProxy section */

/* Begin PBXFileReference section */
		5F901B8827AB7D1400D1D5D7 /* BaseOpenChannel.app */ = {isa = PBXFileReference; explicitFileType = wrapper.application; includeInIndex = 0; path = BaseOpenChannel.app; sourceTree = BUILT_PRODUCTS_DIR; };
		5F901B8B27AB7D1400D1D5D7 /* AppDelegate.swift */ = {isa = PBXFileReference; lastKnownFileType = sourcecode.swift; path = AppDelegate.swift; sourceTree = "<group>"; };
		5F901B8D27AB7D1400D1D5D7 /* SceneDelegate.swift */ = {isa = PBXFileReference; lastKnownFileType = sourcecode.swift; path = SceneDelegate.swift; sourceTree = "<group>"; };
		5F901B8F27AB7D1400D1D5D7 /* ViewController.swift */ = {isa = PBXFileReference; lastKnownFileType = sourcecode.swift; path = ViewController.swift; sourceTree = "<group>"; };
		5F901B9227AB7D1400D1D5D7 /* Base */ = {isa = PBXFileReference; lastKnownFileType = file.storyboard; name = Base; path = Base.lproj/Main.storyboard; sourceTree = "<group>"; };
		5F901B9427AB7D1500D1D5D7 /* Assets.xcassets */ = {isa = PBXFileReference; lastKnownFileType = folder.assetcatalog; path = Assets.xcassets; sourceTree = "<group>"; };
		5F901B9727AB7D1500D1D5D7 /* Base */ = {isa = PBXFileReference; lastKnownFileType = file.storyboard; name = Base; path = Base.lproj/LaunchScreen.storyboard; sourceTree = "<group>"; };
		5F901B9927AB7D1500D1D5D7 /* Info.plist */ = {isa = PBXFileReference; lastKnownFileType = text.plist.xml; path = Info.plist; sourceTree = "<group>"; };
		5F901B9E27AB7D1500D1D5D7 /* BaseOpenChannelTests.xctest */ = {isa = PBXFileReference; explicitFileType = wrapper.cfbundle; includeInIndex = 0; path = BaseOpenChannelTests.xctest; sourceTree = BUILT_PRODUCTS_DIR; };
		5F901BA227AB7D1500D1D5D7 /* BaseOpenChannelTests.swift */ = {isa = PBXFileReference; lastKnownFileType = sourcecode.swift; path = BaseOpenChannelTests.swift; sourceTree = "<group>"; };
		5F901BA827AB7D1500D1D5D7 /* BaseOpenChannelUITests.xctest */ = {isa = PBXFileReference; explicitFileType = wrapper.cfbundle; includeInIndex = 0; path = BaseOpenChannelUITests.xctest; sourceTree = BUILT_PRODUCTS_DIR; };
		5F901BAC27AB7D1500D1D5D7 /* BaseOpenChannelUITests.swift */ = {isa = PBXFileReference; lastKnownFileType = sourcecode.swift; path = BaseOpenChannelUITests.swift; sourceTree = "<group>"; };
		5F901BAE27AB7D1500D1D5D7 /* BaseOpenChannelUITestsLaunchTests.swift */ = {isa = PBXFileReference; lastKnownFileType = sourcecode.swift; path = BaseOpenChannelUITestsLaunchTests.swift; sourceTree = "<group>"; };
/* End PBXFileReference section */

/* Begin PBXFrameworksBuildPhase section */
		5F901B8527AB7D1400D1D5D7 /* Frameworks */ = {
			isa = PBXFrameworksBuildPhase;
			buildActionMask = 2147483647;
			files = (
			);
			runOnlyForDeploymentPostprocessing = 0;
		};
		5F901B9B27AB7D1500D1D5D7 /* Frameworks */ = {
			isa = PBXFrameworksBuildPhase;
			buildActionMask = 2147483647;
			files = (
			);
			runOnlyForDeploymentPostprocessing = 0;
		};
		5F901BA527AB7D1500D1D5D7 /* Frameworks */ = {
			isa = PBXFrameworksBuildPhase;
			buildActionMask = 2147483647;
			files = (
			);
			runOnlyForDeploymentPostprocessing = 0;
		};
/* End PBXFrameworksBuildPhase section */

/* Begin PBXGroup section */
		5F901B7F27AB7D1400D1D5D7 = {
			isa = PBXGroup;
			children = (
				5F901B8A27AB7D1400D1D5D7 /* BaseOpenChannel */,
				5F901BA127AB7D1500D1D5D7 /* BaseOpenChannelTests */,
				5F901BAB27AB7D1500D1D5D7 /* BaseOpenChannelUITests */,
				5F901B8927AB7D1400D1D5D7 /* Products */,
			);
			sourceTree = "<group>";
		};
		5F901B8927AB7D1400D1D5D7 /* Products */ = {
			isa = PBXGroup;
			children = (
				5F901B8827AB7D1400D1D5D7 /* BaseOpenChannel.app */,
				5F901B9E27AB7D1500D1D5D7 /* BaseOpenChannelTests.xctest */,
				5F901BA827AB7D1500D1D5D7 /* BaseOpenChannelUITests.xctest */,
			);
			name = Products;
			sourceTree = "<group>";
		};
		5F901B8A27AB7D1400D1D5D7 /* BaseOpenChannel */ = {
			isa = PBXGroup;
			children = (
				5F901B8B27AB7D1400D1D5D7 /* AppDelegate.swift */,
				5F901B8D27AB7D1400D1D5D7 /* SceneDelegate.swift */,
				5F901B8F27AB7D1400D1D5D7 /* ViewController.swift */,
				5F901B9127AB7D1400D1D5D7 /* Main.storyboard */,
				5F901B9427AB7D1500D1D5D7 /* Assets.xcassets */,
				5F901B9627AB7D1500D1D5D7 /* LaunchScreen.storyboard */,
				5F901B9927AB7D1500D1D5D7 /* Info.plist */,
			);
			path = BaseOpenChannel;
			sourceTree = "<group>";
		};
		5F901BA127AB7D1500D1D5D7 /* BaseOpenChannelTests */ = {
			isa = PBXGroup;
			children = (
				5F901BA227AB7D1500D1D5D7 /* BaseOpenChannelTests.swift */,
			);
			path = BaseOpenChannelTests;
			sourceTree = "<group>";
		};
		5F901BAB27AB7D1500D1D5D7 /* BaseOpenChannelUITests */ = {
			isa = PBXGroup;
			children = (
				5F901BAC27AB7D1500D1D5D7 /* BaseOpenChannelUITests.swift */,
				5F901BAE27AB7D1500D1D5D7 /* BaseOpenChannelUITestsLaunchTests.swift */,
			);
			path = BaseOpenChannelUITests;
			sourceTree = "<group>";
		};
/* End PBXGroup section */

/* Begin PBXNativeTarget section */
		5F901B8727AB7D1400D1D5D7 /* BaseOpenChannel */ = {
			isa = PBXNativeTarget;
			buildConfigurationList = 5F901BB227AB7D1500D1D5D7 /* Build configuration list for PBXNativeTarget "BaseOpenChannel" */;
			buildPhases = (
				5F901B8427AB7D1400D1D5D7 /* Sources */,
				5F901B8527AB7D1400D1D5D7 /* Frameworks */,
				5F901B8627AB7D1400D1D5D7 /* Resources */,
			);
			buildRules = (
			);
			dependencies = (
			);
			name = BaseOpenChannel;
			productName = BaseOpenChannel;
			productReference = 5F901B8827AB7D1400D1D5D7 /* BaseOpenChannel.app */;
			productType = "com.apple.product-type.application";
		};
		5F901B9D27AB7D1500D1D5D7 /* BaseOpenChannelTests */ = {
			isa = PBXNativeTarget;
			buildConfigurationList = 5F901BB527AB7D1500D1D5D7 /* Build configuration list for PBXNativeTarget "BaseOpenChannelTests" */;
			buildPhases = (
				5F901B9A27AB7D1500D1D5D7 /* Sources */,
				5F901B9B27AB7D1500D1D5D7 /* Frameworks */,
				5F901B9C27AB7D1500D1D5D7 /* Resources */,
			);
			buildRules = (
			);
			dependencies = (
				5F901BA027AB7D1500D1D5D7 /* PBXTargetDependency */,
			);
			name = BaseOpenChannelTests;
			productName = BaseOpenChannelTests;
			productReference = 5F901B9E27AB7D1500D1D5D7 /* BaseOpenChannelTests.xctest */;
			productType = "com.apple.product-type.bundle.unit-test";
		};
		5F901BA727AB7D1500D1D5D7 /* BaseOpenChannelUITests */ = {
			isa = PBXNativeTarget;
			buildConfigurationList = 5F901BB827AB7D1500D1D5D7 /* Build configuration list for PBXNativeTarget "BaseOpenChannelUITests" */;
			buildPhases = (
				5F901BA427AB7D1500D1D5D7 /* Sources */,
				5F901BA527AB7D1500D1D5D7 /* Frameworks */,
				5F901BA627AB7D1500D1D5D7 /* Resources */,
			);
			buildRules = (
			);
			dependencies = (
				5F901BAA27AB7D1500D1D5D7 /* PBXTargetDependency */,
			);
			name = BaseOpenChannelUITests;
			productName = BaseOpenChannelUITests;
			productReference = 5F901BA827AB7D1500D1D5D7 /* BaseOpenChannelUITests.xctest */;
			productType = "com.apple.product-type.bundle.ui-testing";
		};
/* End PBXNativeTarget section */

/* Begin PBXProject section */
		5F901B8027AB7D1400D1D5D7 /* Project object */ = {
			isa = PBXProject;
			attributes = {
				BuildIndependentTargetsInParallel = 1;
				LastSwiftUpdateCheck = 1320;
				LastUpgradeCheck = 1320;
				TargetAttributes = {
					5F901B8727AB7D1400D1D5D7 = {
						CreatedOnToolsVersion = 13.2.1;
					};
					5F901B9D27AB7D1500D1D5D7 = {
						CreatedOnToolsVersion = 13.2.1;
						TestTargetID = 5F901B8727AB7D1400D1D5D7;
					};
					5F901BA727AB7D1500D1D5D7 = {
						CreatedOnToolsVersion = 13.2.1;
						TestTargetID = 5F901B8727AB7D1400D1D5D7;
					};
				};
			};
			buildConfigurationList = 5F901B8327AB7D1400D1D5D7 /* Build configuration list for PBXProject "BaseOpenChannel" */;
			compatibilityVersion = "Xcode 13.0";
			developmentRegion = en;
			hasScannedForEncodings = 0;
			knownRegions = (
				en,
				Base,
			);
			mainGroup = 5F901B7F27AB7D1400D1D5D7;
			productRefGroup = 5F901B8927AB7D1400D1D5D7 /* Products */;
			projectDirPath = "";
			projectRoot = "";
			targets = (
				5F901B8727AB7D1400D1D5D7 /* BaseOpenChannel */,
				5F901B9D27AB7D1500D1D5D7 /* BaseOpenChannelTests */,
				5F901BA727AB7D1500D1D5D7 /* BaseOpenChannelUITests */,
			);
		};
/* End PBXProject section */

/* Begin PBXResourcesBuildPhase section */
		5F901B8627AB7D1400D1D5D7 /* Resources */ = {
			isa = PBXResourcesBuildPhase;
			buildActionMask = 2147483647;
			files = (
				5F901B9827AB7D1500D1D5D7 /* LaunchScreen.storyboard in Resources */,
				5F901B9527AB7D1500D1D5D7 /* Assets.xcassets in Resources */,
				5F901B9327AB7D1400D1D5D7 /* Main.storyboard in Resources */,
			);
			runOnlyForDeploymentPostprocessing = 0;
		};
		5F901B9C27AB7D1500D1D5D7 /* Resources */ = {
			isa = PBXResourcesBuildPhase;
			buildActionMask = 2147483647;
			files = (
			);
			runOnlyForDeploymentPostprocessing = 0;
		};
		5F901BA627AB7D1500D1D5D7 /* Resources */ = {
			isa = PBXResourcesBuildPhase;
			buildActionMask = 2147483647;
			files = (
			);
			runOnlyForDeploymentPostprocessing = 0;
		};
/* End PBXResourcesBuildPhase section */

/* Begin PBXSourcesBuildPhase section */
		5F901B8427AB7D1400D1D5D7 /* Sources */ = {
			isa = PBXSourcesBuildPhase;
			buildActionMask = 2147483647;
			files = (
				5F901B9027AB7D1400D1D5D7 /* ViewController.swift in Sources */,
				5F901B8C27AB7D1400D1D5D7 /* AppDelegate.swift in Sources */,
				5F901B8E27AB7D1400D1D5D7 /* SceneDelegate.swift in Sources */,
			);
			runOnlyForDeploymentPostprocessing = 0;
		};
		5F901B9A27AB7D1500D1D5D7 /* Sources */ = {
			isa = PBXSourcesBuildPhase;
			buildActionMask = 2147483647;
			files = (
				5F901BA327AB7D1500D1D5D7 /* BaseOpenChannelTests.swift in Sources */,
			);
			runOnlyForDeploymentPostprocessing = 0;
		};
		5F901BA427AB7D1500D1D5D7 /* Sources */ = {
			isa = PBXSourcesBuildPhase;
			buildActionMask = 2147483647;
			files = (
				5F901BAD27AB7D1500D1D5D7 /* BaseOpenChannelUITests.swift in Sources */,
				5F901BAF27AB7D1500D1D5D7 /* BaseOpenChannelUITestsLaunchTests.swift in Sources */,
			);
			runOnlyForDeploymentPostprocessing = 0;
		};
/* End PBXSourcesBuildPhase section */

/* Begin PBXTargetDependency section */
		5F901BA027AB7D1500D1D5D7 /* PBXTargetDependency */ = {
			isa = PBXTargetDependency;
			target = 5F901B8727AB7D1400D1D5D7 /* BaseOpenChannel */;
			targetProxy = 5F901B9F27AB7D1500D1D5D7 /* PBXContainerItemProxy */;
		};
		5F901BAA27AB7D1500D1D5D7 /* PBXTargetDependency */ = {
			isa = PBXTargetDependency;
			target = 5F901B8727AB7D1400D1D5D7 /* BaseOpenChannel */;
			targetProxy = 5F901BA927AB7D1500D1D5D7 /* PBXContainerItemProxy */;
		};
/* End PBXTargetDependency section */

/* Begin PBXVariantGroup section */
		5F901B9127AB7D1400D1D5D7 /* Main.storyboard */ = {
			isa = PBXVariantGroup;
			children = (
				5F901B9227AB7D1400D1D5D7 /* Base */,
			);
			name = Main.storyboard;
			sourceTree = "<group>";
		};
		5F901B9627AB7D1500D1D5D7 /* LaunchScreen.storyboard */ = {
			isa = PBXVariantGroup;
			children = (
				5F901B9727AB7D1500D1D5D7 /* Base */,
			);
			name = LaunchScreen.storyboard;
			sourceTree = "<group>";
		};
/* End PBXVariantGroup section */

/* Begin XCBuildConfiguration section */
		5F901BB027AB7D1500D1D5D7 /* Debug */ = {
			isa = XCBuildConfiguration;
			buildSettings = {
				ALWAYS_SEARCH_USER_PATHS = NO;
				CLANG_ANALYZER_NONNULL = YES;
				CLANG_ANALYZER_NUMBER_OBJECT_CONVERSION = YES_AGGRESSIVE;
				CLANG_CXX_LANGUAGE_STANDARD = "gnu++17";
				CLANG_CXX_LIBRARY = "libc++";
				CLANG_ENABLE_MODULES = YES;
				CLANG_ENABLE_OBJC_ARC = YES;
				CLANG_ENABLE_OBJC_WEAK = YES;
				CLANG_WARN_BLOCK_CAPTURE_AUTORELEASING = YES;
				CLANG_WARN_BOOL_CONVERSION = YES;
				CLANG_WARN_COMMA = YES;
				CLANG_WARN_CONSTANT_CONVERSION = YES;
				CLANG_WARN_DEPRECATED_OBJC_IMPLEMENTATIONS = YES;
				CLANG_WARN_DIRECT_OBJC_ISA_USAGE = YES_ERROR;
				CLANG_WARN_DOCUMENTATION_COMMENTS = YES;
				CLANG_WARN_EMPTY_BODY = YES;
				CLANG_WARN_ENUM_CONVERSION = YES;
				CLANG_WARN_INFINITE_RECURSION = YES;
				CLANG_WARN_INT_CONVERSION = YES;
				CLANG_WARN_NON_LITERAL_NULL_CONVERSION = YES;
				CLANG_WARN_OBJC_IMPLICIT_RETAIN_SELF = YES;
				CLANG_WARN_OBJC_LITERAL_CONVERSION = YES;
				CLANG_WARN_OBJC_ROOT_CLASS = YES_ERROR;
				CLANG_WARN_QUOTED_INCLUDE_IN_FRAMEWORK_HEADER = YES;
				CLANG_WARN_RANGE_LOOP_ANALYSIS = YES;
				CLANG_WARN_STRICT_PROTOTYPES = YES;
				CLANG_WARN_SUSPICIOUS_MOVE = YES;
				CLANG_WARN_UNGUARDED_AVAILABILITY = YES_AGGRESSIVE;
				CLANG_WARN_UNREACHABLE_CODE = YES;
				CLANG_WARN__DUPLICATE_METHOD_MATCH = YES;
				COPY_PHASE_STRIP = NO;
				DEBUG_INFORMATION_FORMAT = dwarf;
				ENABLE_STRICT_OBJC_MSGSEND = YES;
				ENABLE_TESTABILITY = YES;
				GCC_C_LANGUAGE_STANDARD = gnu11;
				GCC_DYNAMIC_NO_PIC = NO;
				GCC_NO_COMMON_BLOCKS = YES;
				GCC_OPTIMIZATION_LEVEL = 0;
				GCC_PREPROCESSOR_DEFINITIONS = (
					"DEBUG=1",
					"$(inherited)",
				);
				GCC_WARN_64_TO_32_BIT_CONVERSION = YES;
				GCC_WARN_ABOUT_RETURN_TYPE = YES_ERROR;
				GCC_WARN_UNDECLARED_SELECTOR = YES;
				GCC_WARN_UNINITIALIZED_AUTOS = YES_AGGRESSIVE;
				GCC_WARN_UNUSED_FUNCTION = YES;
				GCC_WARN_UNUSED_VARIABLE = YES;
				IPHONEOS_DEPLOYMENT_TARGET = 15.2;
				MTL_ENABLE_DEBUG_INFO = INCLUDE_SOURCE;
				MTL_FAST_MATH = YES;
				ONLY_ACTIVE_ARCH = YES;
				SDKROOT = iphoneos;
				SWIFT_ACTIVE_COMPILATION_CONDITIONS = DEBUG;
				SWIFT_OPTIMIZATION_LEVEL = "-Onone";
			};
			name = Debug;
		};
		5F901BB127AB7D1500D1D5D7 /* Release */ = {
			isa = XCBuildConfiguration;
			buildSettings = {
				ALWAYS_SEARCH_USER_PATHS = NO;
				CLANG_ANALYZER_NONNULL = YES;
				CLANG_ANALYZER_NUMBER_OBJECT_CONVERSION = YES_AGGRESSIVE;
				CLANG_CXX_LANGUAGE_STANDARD = "gnu++17";
				CLANG_CXX_LIBRARY = "libc++";
				CLANG_ENABLE_MODULES = YES;
				CLANG_ENABLE_OBJC_ARC = YES;
				CLANG_ENABLE_OBJC_WEAK = YES;
				CLANG_WARN_BLOCK_CAPTURE_AUTORELEASING = YES;
				CLANG_WARN_BOOL_CONVERSION = YES;
				CLANG_WARN_COMMA = YES;
				CLANG_WARN_CONSTANT_CONVERSION = YES;
				CLANG_WARN_DEPRECATED_OBJC_IMPLEMENTATIONS = YES;
				CLANG_WARN_DIRECT_OBJC_ISA_USAGE = YES_ERROR;
				CLANG_WARN_DOCUMENTATION_COMMENTS = YES;
				CLANG_WARN_EMPTY_BODY = YES;
				CLANG_WARN_ENUM_CONVERSION = YES;
				CLANG_WARN_INFINITE_RECURSION = YES;
				CLANG_WARN_INT_CONVERSION = YES;
				CLANG_WARN_NON_LITERAL_NULL_CONVERSION = YES;
				CLANG_WARN_OBJC_IMPLICIT_RETAIN_SELF = YES;
				CLANG_WARN_OBJC_LITERAL_CONVERSION = YES;
				CLANG_WARN_OBJC_ROOT_CLASS = YES_ERROR;
				CLANG_WARN_QUOTED_INCLUDE_IN_FRAMEWORK_HEADER = YES;
				CLANG_WARN_RANGE_LOOP_ANALYSIS = YES;
				CLANG_WARN_STRICT_PROTOTYPES = YES;
				CLANG_WARN_SUSPICIOUS_MOVE = YES;
				CLANG_WARN_UNGUARDED_AVAILABILITY = YES_AGGRESSIVE;
				CLANG_WARN_UNREACHABLE_CODE = YES;
				CLANG_WARN__DUPLICATE_METHOD_MATCH = YES;
				COPY_PHASE_STRIP = NO;
				DEBUG_INFORMATION_FORMAT = "dwarf-with-dsym";
				ENABLE_NS_ASSERTIONS = NO;
				ENABLE_STRICT_OBJC_MSGSEND = YES;
				GCC_C_LANGUAGE_STANDARD = gnu11;
				GCC_NO_COMMON_BLOCKS = YES;
				GCC_WARN_64_TO_32_BIT_CONVERSION = YES;
				GCC_WARN_ABOUT_RETURN_TYPE = YES_ERROR;
				GCC_WARN_UNDECLARED_SELECTOR = YES;
				GCC_WARN_UNINITIALIZED_AUTOS = YES_AGGRESSIVE;
				GCC_WARN_UNUSED_FUNCTION = YES;
				GCC_WARN_UNUSED_VARIABLE = YES;
				IPHONEOS_DEPLOYMENT_TARGET = 15.2;
				MTL_ENABLE_DEBUG_INFO = NO;
				MTL_FAST_MATH = YES;
				SDKROOT = iphoneos;
				SWIFT_COMPILATION_MODE = wholemodule;
				SWIFT_OPTIMIZATION_LEVEL = "-O";
				VALIDATE_PRODUCT = YES;
			};
			name = Release;
		};
		5F901BB327AB7D1500D1D5D7 /* Debug */ = {
			isa = XCBuildConfiguration;
			buildSettings = {
				ASSETCATALOG_COMPILER_APPICON_NAME = AppIcon;
				ASSETCATALOG_COMPILER_GLOBAL_ACCENT_COLOR_NAME = AccentColor;
				CODE_SIGN_STYLE = Automatic;
				CURRENT_PROJECT_VERSION = 1;
				GENERATE_INFOPLIST_FILE = YES;
				INFOPLIST_FILE = BaseOpenChannel/Info.plist;
				INFOPLIST_KEY_UIApplicationSupportsIndirectInputEvents = YES;
				INFOPLIST_KEY_UILaunchStoryboardName = LaunchScreen;
				INFOPLIST_KEY_UIMainStoryboardFile = Main;
				INFOPLIST_KEY_UISupportedInterfaceOrientations_iPad = "UIInterfaceOrientationPortrait UIInterfaceOrientationPortraitUpsideDown UIInterfaceOrientationLandscapeLeft UIInterfaceOrientationLandscapeRight";
				INFOPLIST_KEY_UISupportedInterfaceOrientations_iPhone = "UIInterfaceOrientationPortrait UIInterfaceOrientationLandscapeLeft UIInterfaceOrientationLandscapeRight";
				LD_RUNPATH_SEARCH_PATHS = (
					"$(inherited)",
					"@executable_path/Frameworks",
				);
				MARKETING_VERSION = 1.0;
				PRODUCT_BUNDLE_IDENTIFIER = com.sendbird.chat.BaseOpenChannel;
				PRODUCT_NAME = "$(TARGET_NAME)";
				SWIFT_EMIT_LOC_STRINGS = YES;
				SWIFT_VERSION = 5.0;
				TARGETED_DEVICE_FAMILY = "1,2";
			};
			name = Debug;
		};
		5F901BB427AB7D1500D1D5D7 /* Release */ = {
			isa = XCBuildConfiguration;
			buildSettings = {
				ASSETCATALOG_COMPILER_APPICON_NAME = AppIcon;
				ASSETCATALOG_COMPILER_GLOBAL_ACCENT_COLOR_NAME = AccentColor;
				CODE_SIGN_STYLE = Automatic;
				CURRENT_PROJECT_VERSION = 1;
				GENERATE_INFOPLIST_FILE = YES;
				INFOPLIST_FILE = BaseOpenChannel/Info.plist;
				INFOPLIST_KEY_UIApplicationSupportsIndirectInputEvents = YES;
				INFOPLIST_KEY_UILaunchStoryboardName = LaunchScreen;
				INFOPLIST_KEY_UIMainStoryboardFile = Main;
				INFOPLIST_KEY_UISupportedInterfaceOrientations_iPad = "UIInterfaceOrientationPortrait UIInterfaceOrientationPortraitUpsideDown UIInterfaceOrientationLandscapeLeft UIInterfaceOrientationLandscapeRight";
				INFOPLIST_KEY_UISupportedInterfaceOrientations_iPhone = "UIInterfaceOrientationPortrait UIInterfaceOrientationLandscapeLeft UIInterfaceOrientationLandscapeRight";
				LD_RUNPATH_SEARCH_PATHS = (
					"$(inherited)",
					"@executable_path/Frameworks",
				);
				MARKETING_VERSION = 1.0;
				PRODUCT_BUNDLE_IDENTIFIER = com.sendbird.chat.BaseOpenChannel;
				PRODUCT_NAME = "$(TARGET_NAME)";
				SWIFT_EMIT_LOC_STRINGS = YES;
				SWIFT_VERSION = 5.0;
				TARGETED_DEVICE_FAMILY = "1,2";
			};
			name = Release;
		};
		5F901BB627AB7D1500D1D5D7 /* Debug */ = {
			isa = XCBuildConfiguration;
			buildSettings = {
				ALWAYS_EMBED_SWIFT_STANDARD_LIBRARIES = YES;
				BUNDLE_LOADER = "$(TEST_HOST)";
				CODE_SIGN_STYLE = Automatic;
				CURRENT_PROJECT_VERSION = 1;
				GENERATE_INFOPLIST_FILE = YES;
				IPHONEOS_DEPLOYMENT_TARGET = 15.2;
				MARKETING_VERSION = 1.0;
				PRODUCT_BUNDLE_IDENTIFIER = com.sendbird.chat.BaseOpenChannelTests;
				PRODUCT_NAME = "$(TARGET_NAME)";
				SWIFT_EMIT_LOC_STRINGS = NO;
				SWIFT_VERSION = 5.0;
				TARGETED_DEVICE_FAMILY = "1,2";
				TEST_HOST = "$(BUILT_PRODUCTS_DIR)/BaseOpenChannel.app/BaseOpenChannel";
			};
			name = Debug;
		};
		5F901BB727AB7D1500D1D5D7 /* Release */ = {
			isa = XCBuildConfiguration;
			buildSettings = {
				ALWAYS_EMBED_SWIFT_STANDARD_LIBRARIES = YES;
				BUNDLE_LOADER = "$(TEST_HOST)";
				CODE_SIGN_STYLE = Automatic;
				CURRENT_PROJECT_VERSION = 1;
				GENERATE_INFOPLIST_FILE = YES;
				IPHONEOS_DEPLOYMENT_TARGET = 15.2;
				MARKETING_VERSION = 1.0;
				PRODUCT_BUNDLE_IDENTIFIER = com.sendbird.chat.BaseOpenChannelTests;
				PRODUCT_NAME = "$(TARGET_NAME)";
				SWIFT_EMIT_LOC_STRINGS = NO;
				SWIFT_VERSION = 5.0;
				TARGETED_DEVICE_FAMILY = "1,2";
				TEST_HOST = "$(BUILT_PRODUCTS_DIR)/BaseOpenChannel.app/BaseOpenChannel";
			};
			name = Release;
		};
		5F901BB927AB7D1500D1D5D7 /* Debug */ = {
			isa = XCBuildConfiguration;
			buildSettings = {
				ALWAYS_EMBED_SWIFT_STANDARD_LIBRARIES = YES;
				CODE_SIGN_STYLE = Automatic;
				CURRENT_PROJECT_VERSION = 1;
				GENERATE_INFOPLIST_FILE = YES;
				MARKETING_VERSION = 1.0;
				PRODUCT_BUNDLE_IDENTIFIER = com.sendbird.chat.BaseOpenChannelUITests;
				PRODUCT_NAME = "$(TARGET_NAME)";
				SWIFT_EMIT_LOC_STRINGS = NO;
				SWIFT_VERSION = 5.0;
				TARGETED_DEVICE_FAMILY = "1,2";
				TEST_TARGET_NAME = BaseOpenChannel;
			};
			name = Debug;
		};
		5F901BBA27AB7D1500D1D5D7 /* Release */ = {
			isa = XCBuildConfiguration;
			buildSettings = {
				ALWAYS_EMBED_SWIFT_STANDARD_LIBRARIES = YES;
				CODE_SIGN_STYLE = Automatic;
				CURRENT_PROJECT_VERSION = 1;
				GENERATE_INFOPLIST_FILE = YES;
				MARKETING_VERSION = 1.0;
				PRODUCT_BUNDLE_IDENTIFIER = com.sendbird.chat.BaseOpenChannelUITests;
				PRODUCT_NAME = "$(TARGET_NAME)";
				SWIFT_EMIT_LOC_STRINGS = NO;
				SWIFT_VERSION = 5.0;
				TARGETED_DEVICE_FAMILY = "1,2";
				TEST_TARGET_NAME = BaseOpenChannel;
			};
			name = Release;
		};
/* End XCBuildConfiguration section */

/* Begin XCConfigurationList section */
		5F901B8327AB7D1400D1D5D7 /* Build configuration list for PBXProject "BaseOpenChannel" */ = {
			isa = XCConfigurationList;
			buildConfigurations = (
				5F901BB027AB7D1500D1D5D7 /* Debug */,
				5F901BB127AB7D1500D1D5D7 /* Release */,
			);
			defaultConfigurationIsVisible = 0;
			defaultConfigurationName = Release;
		};
		5F901BB227AB7D1500D1D5D7 /* Build configuration list for PBXNativeTarget "BaseOpenChannel" */ = {
			isa = XCConfigurationList;
			buildConfigurations = (
				5F901BB327AB7D1500D1D5D7 /* Debug */,
				5F901BB427AB7D1500D1D5D7 /* Release */,
			);
			defaultConfigurationIsVisible = 0;
			defaultConfigurationName = Release;
		};
		5F901BB527AB7D1500D1D5D7 /* Build configuration list for PBXNativeTarget "BaseOpenChannelTests" */ = {
			isa = XCConfigurationList;
			buildConfigurations = (
				5F901BB627AB7D1500D1D5D7 /* Debug */,
				5F901BB727AB7D1500D1D5D7 /* Release */,
			);
			defaultConfigurationIsVisible = 0;
			defaultConfigurationName = Release;
		};
		5F901BB827AB7D1500D1D5D7 /* Build configuration list for PBXNativeTarget "BaseOpenChannelUITests" */ = {
			isa = XCConfigurationList;
			buildConfigurations = (
				5F901BB927AB7D1500D1D5D7 /* Debug */,
				5F901BBA27AB7D1500D1D5D7 /* Release */,
			);
			defaultConfigurationIsVisible = 0;
			defaultConfigurationName = Release;
		};
/* End XCConfigurationList section */
	};
	rootObject = 5F901B8027AB7D1400D1D5D7 /* Project object */;
}
